{
  "nodes": {
    "AskiCore": {
      "flake": false,
      "locked": {
        "lastModified": 1,
        "narHash": "sha256-ZLyzoJbXHpV/z9rYycbCSVZvdi8yCoHUXz2P9ALVZ0I=",
        "path": "./AskiCore",
        "type": "path"
      },
      "original": {
        "path": "./AskiCore",
        "type": "path"
      }
    },
    "AskiCoreFleik": {
      "flake": false,
      "locked": {
        "lastModified": 1,
        "narHash": "sha256-qOqDilUpjJVRGHaJqTIO2Y5eJaIQuGE0frZC9ZcZyNc=",
        "path": "./AskiCoreFleik",
        "type": "path"
      },
      "original": {
        "path": "./AskiCoreFleik",
        "type": "path"
      }
    },
    "AskiCoreNiks": {
      "flake": false,
      "locked": {
        "lastModified": 1,
        "narHash": "sha256-w0lewzQZ2ClGmTuarwscVi4qjIDL2mGXJ7aIP5QkLQU=",
        "path": "./AskiCoreNiks",
        "type": "path"
      },
      "original": {
        "path": "./AskiCoreNiks",
        "type": "path"
      }
    },
    "AskiDefaultBuilder": {
      "flake": false,
      "locked": {
        "lastModified": 1,
        "narHash": "sha256-dMQ4qUC2aFkZrM88zvxdiu/tdOOakETGTVOuL9/N2yI=",
        "path": "./AskiDefaultBuilder",
        "type": "path"
      },
      "original": {
        "path": "./AskiDefaultBuilder",
        "type": "path"
      }
    },
    "AskiNiks": {
      "flake": false,
      "locked": {
        "lastModified": 1,
        "narHash": "sha256-Zpw5k0lpafxdko9NdW8Yyakghx1ijMnG1wS3FjyQZuM=",
        "path": "./AskiNiks",
        "type": "path"
      },
      "original": {
        "path": "./AskiNiks",
        "type": "path"
      }
    },
    "ChibiOS": {
      "flake": false,
      "locked": {
        "lastModified": 1613226400,
        "narHash": "sha256-yfEbgFN1scjDtza2L5s4QnxrlFjpnKDYBM7Ak7WP4QU=",
        "owner": "qmk",
        "repo": "ChibiOS",
        "rev": "413e39c5681d181720440f2a8b7391f581788d7b",
        "type": "github"
      },
      "original": {
        "owner": "qmk",
        "repo": "ChibiOS",
        "type": "github"
      }
    },
    "ChibiOS-Contrib": {
      "flake": false,
      "locked": {
        "lastModified": 1630157004,
        "narHash": "sha256-mjILJeNdmn6iDMRUjgQh4Wz7We77TC1QmUgAdK220T8=",
        "owner": "qmk",
        "repo": "ChibiOS-Contrib",
        "rev": "4568901a91e9bef78ea96a7a83e8150fe1f7353a",
        "type": "github"
      },
      "original": {
        "owner": "qmk",
        "repo": "ChibiOS-Contrib",
        "type": "github"
      }
    },
    "KLambdaBootstrap": {
      "flake": false,
      "locked": {
        "lastModified": 1,
        "narHash": "sha256-rusyGaan8eDqlEc7zmxMdYDoO4OKoPllC5juxP2qnko=",
        "path": "./KLambdaBootstrap",
        "type": "path"
      },
      "original": {
        "path": "./KLambdaBootstrap",
        "type": "path"
      }
    },
    "LispCore": {
      "flake": false,
      "locked": {
        "lastModified": 1,
        "narHash": "sha256-aebErJ/qYHaE/cdnWPwj3Kx3isN94bYKA8Jo//NJ42A=",
        "path": "./LispCore",
        "type": "path"
      },
      "original": {
        "path": "./LispCore",
        "type": "path"
      }
    },
    "LispCorePrimitives": {
      "flake": false,
      "locked": {
        "lastModified": 1,
        "narHash": "sha256-buCczYUZ0biupPUUYgc36PsVVetu9NbsuLWnYJJgR9M=",
        "path": "./LispCorePrimitives",
        "type": "path"
      },
      "original": {
        "path": "./LispCorePrimitives",
        "type": "path"
      }
    },
    "LispExtendedPrimitives": {
      "flake": false,
      "locked": {
        "lastModified": 1,
        "narHash": "sha256-NsHHXvXLTUtkAOTSuiIqf0Li4XG9cJSgWxmb8izi3Nc=",
        "path": "./LispExtendedPrimitives",
        "type": "path"
      },
      "original": {
        "path": "./LispExtendedPrimitives",
        "type": "path"
      }
    },
    "ShenAski": {
      "flake": false,
      "locked": {
        "lastModified": 1,
        "narHash": "sha256-Icqb70Hiz6P0lypMk1pFi9tc2u6vj6fV/kaqZeXLkYk=",
        "path": "./ShenAski",
        "type": "path"
      },
      "original": {
        "path": "./ShenAski",
        "type": "path"
      }
    },
    "ShenCore": {
      "flake": false,
      "locked": {
        "lastModified": 1,
        "narHash": "sha256-kmRFMOR0djdDhjf53LlabWaQyE0XTYGktB7uewUszS0=",
        "path": "./ShenCore",
        "type": "path"
      },
      "original": {
        "path": "./ShenCore",
        "type": "path"
      }
    },
    "ShenCoreBootstrap": {
      "flake": false,
      "locked": {
        "lastModified": 1,
        "narHash": "sha256-P6muYTBiw/wwqN5HE3BqBvkbYDpjZ/HRyZ7ME2TbCOY=",
        "path": "./ShenCoreBootstrap",
        "type": "path"
      },
      "original": {
        "path": "./ShenCoreBootstrap",
        "type": "path"
      }
    },
    "ShenCoreTests": {
      "flake": false,
      "locked": {
        "lastModified": 1,
        "narHash": "sha256-CYpQTGYgo1mb51GGGxqjxiYqSYZa8aR0n6TCAsq7O5M=",
        "path": "./ShenCoreTests",
        "type": "path"
      },
      "original": {
        "path": "./ShenCoreTests",
        "type": "path"
      }
    },
    "ShenExtended": {
      "flake": false,
      "locked": {
        "lastModified": 1,
        "narHash": "sha256-0XpXnv70oWPwZ6F1qV5SjPjef7BfrvsnY1ED5kfmpUU=",
        "path": "./ShenExtended",
        "type": "path"
      },
      "original": {
        "path": "./ShenExtended",
        "type": "path"
      }
    },
    "ShenExtendedBootstrap": {
      "flake": false,
      "locked": {
        "lastModified": 1,
        "narHash": "sha256-s9GegX9q30AGIohEH4Q04wXzJi8krBiqE4XSgjs6UeY=",
        "path": "./ShenExtendedBootstrap",
        "type": "path"
      },
      "original": {
        "path": "./ShenExtendedBootstrap",
        "type": "path"
      }
    },
    "ShenExtendedTests": {
      "flake": false,
      "locked": {
        "lastModified": 1,
        "narHash": "sha256-9b0mPdxzcmyjfuMOVvjwd7/JCeikF8OGqDiKL4KApk0=",
        "path": "./ShenExtendedTests",
        "type": "path"
      },
      "original": {
        "path": "./ShenExtendedTests",
        "type": "path"
      }
    },
    "arcnmxNixexprs": {
      "inputs": {
        "nixpkgs": [
          "hob",
          "nixpkgs"
        ]
      },
      "locked": {
        "lastModified": 1678976458,
        "narHash": "sha256-pdNQ6Cq77Zs7ZDmh9TjmhuksaWOCWMy9lV9fgn4S83I=",
        "owner": "arcnmx",
        "repo": "nixexprs",
        "rev": "af065e95da1d10ea0118b8d71337c71444d1c46c",
        "type": "github"
      },
      "original": {
        "owner": "arcnmx",
        "repo": "nixexprs",
        "type": "github"
      }
    },
    "aski": {
      "inputs": {
        "AskiCore": "AskiCore",
        "AskiCoreFleik": "AskiCoreFleik",
        "KLambdaBootstrap": "KLambdaBootstrap",
        "LispCore": "LispCore",
        "LispCorePrimitives": "LispCorePrimitives",
        "LispExtendedPrimitives": "LispExtendedPrimitives",
        "ShenAski": "ShenAski",
        "ShenCore": "ShenCore",
        "ShenCoreBootstrap": "ShenCoreBootstrap",
        "ShenCoreTests": "ShenCoreTests",
        "ShenExtended": "ShenExtended",
        "ShenExtendedBootstrap": "ShenExtendedBootstrap",
        "ShenExtendedTests": "ShenExtendedTests"
      },
      "locked": {
        "lastModified": 1677580550,
        "narHash": "sha256-Gizkrm3R6T6zyC0nxQbZ6gmCoF6MwapBCgvD0iY5wl8=",
        "owner": "sajban",
        "repo": "aski",
        "rev": "6af9495725c744a5593513dd65d6560caf3ad6c3",
        "type": "github"
      },
      "original": {
        "owner": "sajban",
        "repo": "aski",
        "type": "github"
      }
    },
    "base16-styles": {
      "flake": false,
      "locked": {
        "lastModified": 1493578694,
        "narHash": "sha256-cGezU4UofSHvx3ZeRU9JuV63jksxy0L9KzUO+uWfUt8=",
        "owner": "samme",
        "repo": "base16-styles",
        "rev": "8db4f00ca9e5575ba52d98a204ee44a53e13d546",
        "type": "github"
      },
      "original": {
        "owner": "samme",
        "repo": "base16-styles",
        "type": "github"
      }
    },
    "base16-theme": {
      "flake": false,
      "locked": {
        "lastModified": 1627871365,
        "narHash": "sha256-aW965K+aPJMH77EZT3K1mAyK08OUwodeCVhP2Adt3is=",
        "owner": "league",
        "repo": "base16-emacs",
        "rev": "5d03125650167527b8c13e45cc088d4d6bab5407",
        "type": "github"
      },
      "original": {
        "owner": "league",
        "repo": "base16-emacs",
        "type": "github"
      }
    },
    "buttons": {
      "flake": false,
      "locked": {
        "lastModified": 1507310801,
        "narHash": "sha256-upJBWx3iMVM7i8vjTbzc2g9uTgoWo3q8W1MQzPyLuho=",
        "owner": "alexwolfe",
        "repo": "Buttons",
        "rev": "0a91b65bc9e3a8bbbefbe1af20047dabed0d742e",
        "type": "github"
      },
      "original": {
        "owner": "alexwolfe",
        "repo": "Buttons",
        "type": "github"
      }
    },
    "crate2nix": {
      "flake": false,
      "locked": {
        "lastModified": 1678820090,
        "narHash": "sha256-4FFeonajXNqiSP0PqUlC1wmTyPC8SX6SthEvgRjMupw=",
        "owner": "kolloch",
        "repo": "crate2nix",
        "rev": "4fd826e37bec90dfe26ca16cb6e632c617cc7c0d",
        "type": "github"
      },
      "original": {
        "owner": "kolloch",
        "repo": "crate2nix",
        "type": "github"
      }
    },
    "dunst": {
      "flake": false,
      "locked": {
        "lastModified": 1678801337,
        "narHash": "sha256-61CRvPAmiKQDwMZ0VVrFtdJb/HLHwrl3l1J6Voz/NW0=",
        "owner": "dunst-project",
        "repo": "dunst",
        "rev": "fdf792771b78473f32804c324cddf700e76d7592",
        "type": "github"
      },
      "original": {
        "owner": "dunst-project",
        "repo": "dunst",
        "type": "github"
      }
    },
    "eldev": {
      "flake": false,
      "locked": {
        "lastModified": 1662672849,
        "narHash": "sha256-yna3SPVUb6Dzt0Wrl7EY05oNrGHSFVJL1QFhUKNb3DQ=",
        "owner": "doublep",
        "repo": "eldev",
        "rev": "659f4d9c97a44cf29ded5594b3f5de8da99ec973",
        "type": "github"
      },
      "original": {
        "owner": "doublep",
        "ref": "1.2.2",
        "repo": "eldev",
        "type": "github"
      }
    },
    "emacs-overlay": {
      "inputs": {
        "flake-utils": [
          "hob",
          "flake-utils"
        ],
        "nixpkgs": [
          "hob",
          "nixpkgs"
        ]
      },
      "locked": {
        "lastModified": 1679019135,
        "narHash": "sha256-9nQRfvNVFI6VRJoZ4BW8w89KynnB8/LPHaCGQ6Wh3bw=",
        "owner": "nix-community",
        "repo": "emacs-overlay",
        "rev": "026850ab444c29fd56566237e3f0328d63782bfd",
        "type": "github"
      },
      "original": {
        "owner": "nix-community",
        "repo": "emacs-overlay",
        "type": "github"
      }
    },
    "ement-el": {
      "flake": false,
      "locked": {
        "lastModified": 1678827445,
        "narHash": "sha256-DICRTy4XmbP1DfnYYG6D0bjBJOpmEHwyWhzAX0KrpRg=",
        "owner": "alphapapa",
        "repo": "ement.el",
        "rev": "29b15fcae9c28414be1d6265cdfe2c20a30a1dcf",
        "type": "github"
      },
      "original": {
        "owner": "alphapapa",
        "repo": "ement.el",
        "type": "github"
      }
    },
    "fenix": {
      "inputs": {
        "nixpkgs": [
          "hob",
          "nixpkgs"
        ],
        "rust-analyzer-src": "rust-analyzer-src"
      },
      "locked": {
        "lastModified": 1678947834,
        "narHash": "sha256-2+f3NAociAJV/Ux+dVZBbeDm94VxxoX6rFIVALMF1Y0=",
        "owner": "nix-community",
        "repo": "fenix",
        "rev": "65537912ff6741f88271f11a0a48c293f865dd9d",
        "type": "github"
      },
      "original": {
        "owner": "nix-community",
        "repo": "fenix",
        "type": "github"
      }
    },
    "files": {
      "flake": false,
      "locked": {
        "lastModified": 1,
        "narHash": "sha256-g/w8+SsvTI39Bq+seNPd7UiJffC+qzyR14BYRKb9X40=",
        "path": "./nix/files",
        "type": "path"
      },
      "original": {
        "path": "./nix/files",
        "type": "path"
      }
    },
    "firn": {
      "flake": false,
      "locked": {
        "lastModified": 1646303059,
        "narHash": "sha256-Ds5h9kg+8QkoJRNbCEMHkrCS91Z9G4spM58DX2SeacU=",
        "owner": "maisiliym",
        "repo": "firn",
        "rev": "546f2f4724297409be4beefec926c11456e96e4f",
        "type": "github"
      },
      "original": {
        "owner": "maisiliym",
        "ref": "main",
        "repo": "firn",
        "type": "github"
      }
    },
    "flake-compat": {
      "flake": false,
      "locked": {
        "lastModified": 1673956053,
        "narHash": "sha256-4gtG9iQuiKITOjNQQeQIpoIB6b16fm+504Ch3sNKLd8=",
        "owner": "edolstra",
        "repo": "flake-compat",
        "rev": "35bb57c0c8d8b62bbfd284272c928ceb64ddbde9",
        "type": "github"
      },
      "original": {
        "owner": "edolstra",
        "repo": "flake-compat",
        "type": "github"
      }
    },
    "flake-compat_2": {
      "flake": false,
      "locked": {
        "lastModified": 1673956053,
        "narHash": "sha256-4gtG9iQuiKITOjNQQeQIpoIB6b16fm+504Ch3sNKLd8=",
        "owner": "edolstra",
        "repo": "flake-compat",
        "rev": "35bb57c0c8d8b62bbfd284272c928ceb64ddbde9",
        "type": "github"
      },
      "original": {
        "owner": "edolstra",
        "repo": "flake-compat",
        "type": "github"
      }
    },
    "flake-compat_3": {
      "flake": false,
      "locked": {
        "lastModified": 1668681692,
        "narHash": "sha256-Ht91NGdewz8IQLtWZ9LCeNXMSXHUss+9COoqu6JLmXU=",
        "owner": "edolstra",
        "repo": "flake-compat",
        "rev": "009399224d5e398d03b22badca40a37ac85412a1",
        "type": "github"
      },
      "original": {
        "owner": "edolstra",
        "repo": "flake-compat",
        "type": "github"
      }
    },
    "flake-registry": {
      "flake": false,
      "locked": {
        "lastModified": 1674218164,
        "narHash": "sha256-oLNWhwrV252kiy2tGQwwJNKFR+iG0fjsw0GSE/XVTR8=",
        "owner": "NixOS",
        "repo": "flake-registry",
        "rev": "507c028d8d189b6647592dfd10ee677578de45a1",
        "type": "github"
      },
      "original": {
        "owner": "NixOS",
        "repo": "flake-registry",
        "type": "github"
      }
    },
    "flake-utils": {
      "locked": {
        "lastModified": 1678901627,
        "narHash": "sha256-U02riOqrKKzwjsxc/400XnElV+UtPUQWpANPlyazjH0=",
        "owner": "numtide",
        "repo": "flake-utils",
        "rev": "93a2b84fc4b70d9e089d029deacc3583435c2ed6",
        "type": "github"
      },
      "original": {
        "owner": "numtide",
        "repo": "flake-utils",
        "type": "github"
      }
    },
    "flake-utils_2": {
      "locked": {
        "lastModified": 1667395993,
        "narHash": "sha256-nuEHfE/LcWyuSWnS8t12N1wc105Qtau+/OdUAjtQ0rA=",
        "owner": "numtide",
        "repo": "flake-utils",
        "rev": "5aed5285a952e0b949eb3ba02c12fa4fcfef535f",
        "type": "github"
      },
      "original": {
        "owner": "numtide",
        "repo": "flake-utils",
        "type": "github"
      }
    },
    "flowblade": {
      "flake": false,
      "locked": {
        "lastModified": 1678869975,
        "narHash": "sha256-q2JCUmxGpdjg/KNjxPy7IcV7m0WwnJU5sObE7YJZNac=",
        "owner": "jliljebl",
        "repo": "flowblade",
        "rev": "90fb73ac870f4f810d402792b8b41fd8092283f3",
        "type": "github"
      },
      "original": {
        "owner": "jliljebl",
        "repo": "flowblade",
        "type": "github"
      }
    },
    "gardevoir": {
      "flake": false,
      "locked": {
        "lastModified": 1677041499,
        "narHash": "sha256-7kuN1XKuQb42MehCKJn8h0sjjvF3HlCVOtoXb06ZnSQ=",
        "owner": "krshoss",
        "repo": "gardevoir",
        "rev": "efdb02270ad0ad86643b14320c3551f918f6affa",
        "type": "github"
      },
      "original": {
        "owner": "krshoss",
        "repo": "gardevoir",
        "type": "github"
      }
    },
    "goldragon": {
      "locked": {
        "lastModified": 1663666582,
        "narHash": "sha256-f5GyGuLH9W7o7aK//9X0oa2NgFFt5ifpDo4DV++244w=",
        "owner": "LiGoldragon",
        "repo": "goldragon",
        "rev": "7da4ce4732061b00b06dd6d5df691d02210bccfe",
        "type": "github"
      },
      "original": {
        "owner": "LiGoldragon",
        "repo": "goldragon",
        "type": "github"
      }
    },
    "goldragonWebpage": {
      "flake": false,
      "locked": {
        "lastModified": 1678426295,
        "narHash": "sha256-EAUMp5EP9QhnoybUcl7xGeQPBmNc/2pbzTOOeKT0Y14=",
        "owner": "LiGoldragon",
        "repo": "webpage",
        "rev": "0bdac68991a9a69a7ec0d062c3117bbecc05f823",
        "type": "github"
      },
      "original": {
        "owner": "LiGoldragon",
        "repo": "webpage",
        "type": "github"
      }
    },
    "googletest": {
      "flake": false,
      "locked": {
        "lastModified": 1627529225,
        "narHash": "sha256-VuOfUPwl3QHtxjGfWq2tjObutncRoOjEJoY1ET+4pNI=",
        "owner": "qmk",
        "repo": "googletest",
        "rev": "2d924d7a971e9667d76ad09727fb2402b4f8a1e3",
        "type": "github"
      },
      "original": {
        "owner": "qmk",
        "repo": "googletest",
        "type": "github"
      }
    },
    "hexdumpSrc": {
      "flake": false,
      "locked": {
        "lastModified": 1615171434,
        "narHash": "sha256-nQR61r37koQkN46vQyDFBTij7se9+z0xg89b90UkLIM=",
        "owner": "sarnold",
        "repo": "hexdump",
        "rev": "a1686f09a70091d6bbb1aa6f2f8a255db8fcb3cf",
        "type": "github"
      },
      "original": {
        "owner": "sarnold",
        "repo": "hexdump",
        "type": "github"
      }
    },
    "hob": {
      "inputs": {
        "arcnmxNixexprs": "arcnmxNixexprs",
        "aski": "aski",
        "base16-styles": "base16-styles",
        "base16-theme": "base16-theme",
        "buttons": "buttons",
        "crate2nix": "crate2nix",
        "dunst": "dunst",
        "emacs-overlay": "emacs-overlay",
        "ement-el": "ement-el",
        "fenix": "fenix",
        "firn": "firn",
        "flake-compat": "flake-compat",
        "flake-registry": "flake-registry",
        "flake-utils": "flake-utils",
        "flowblade": "flowblade",
        "gardevoir": "gardevoir",
        "goldragon": "goldragon",
        "goldragonWebpage": "goldragonWebpage",
        "home-manager": "home-manager",
        "kibord": "kibord",
        "kriomWebsite": "kriomWebsite",
        "librem5-flash-image": "librem5-flash-image",
        "mach-nix": "mach-nix",
        "maisiliym": "maisiliym",
        "md-roam": "md-roam",
        "mfgtools": "mfgtools",
        "mkZolaWebsite": "mkZolaWebsite",
        "naersk": "naersk",
        "ndi": "ndi",
        "netresolve": "netresolve",
        "nix": "nix",
        "nixpkgs": "nixpkgs",
        "nixpkgs-mozilla": "nixpkgs-mozilla",
        "nvfetcher": "nvfetcher",
        "open-color": "open-color",
        "org-remark": "org-remark",
        "page-bird-uniks": "page-bird-uniks",
        "page-maisiliym-uniks": "page-maisiliym-uniks",
        "pnpm2nix": "pnpm2nix",
        "postcss-scss": "postcss-scss",
        "pueue-el": "pueue-el",
        "ql2nix": "ql2nix",
        "ron-vim": "ron-vim",
        "sajban": "sajban",
        "seahawk": "seahawk",
        "seahawkWebsite": "seahawkWebsite",
        "shen": "shen",
        "shen-mode": "shen-mode",
        "skrips": "skrips",
        "staticSbcl": "staticSbcl",
        "tera-mode": "tera-mode",
        "toodoo-el": "toodoo-el",
        "videocut": "videocut",
        "xah-fly-keys": "xah-fly-keys"
      },
      "locked": {
        "lastModified": 1679718976,
        "narHash": "sha256-gsW4RjoQB5SdCMw5ee5PAwcXQSzZ5h/TPUl5p6s7UAA=",
        "owner": "sajban",
        "repo": "hob",
        "rev": "9112f9f11c7de1bbef5177b61264a939c37ffb16",
        "type": "github"
      },
      "original": {
        "owner": "sajban",
        "ref": "neptunianSun",
        "repo": "hob",
        "type": "github"
      }
    },
    "home-manager": {
      "inputs": {
        "nixpkgs": [
          "hob",
          "nixpkgs"
        ],
        "utils": [
          "hob",
          "flake-utils"
        ]
      },
      "locked": {
        "lastModified": 1669679750,
        "narHash": "sha256-uScB9/H4zWEmbA2ZMN3Yp/v7AE2+EBsQiQ2glszqvF8=",
        "owner": "sajban",
        "repo": "home-manager",
        "rev": "3b88724d48e1b1712ebc1d0848ca8a44c124d3f3",
        "type": "github"
      },
      "original": {
        "owner": "sajban",
        "ref": "fix-pueue-empty-settings",
        "repo": "home-manager",
        "type": "github"
      }
    },
    "homeModule": {
      "flake": false,
      "locked": {
        "lastModified": 1,
        "narHash": "sha256-K31xRmb96VUk8ZEeO6blTippWv6fZY4YU6FzOb83SGI=",
        "path": "./nix/homeModule",
        "type": "path"
      },
      "original": {
        "path": "./nix/homeModule",
        "type": "path"
      }
    },
    "kibord": {
      "inputs": {
        "ChibiOS": "ChibiOS",
        "ChibiOS-Contrib": "ChibiOS-Contrib",
        "googletest": "googletest",
        "hexdumpSrc": "hexdumpSrc",
        "kp_boot_32u4": "kp_boot_32u4",
        "lufa": "lufa",
        "printf": "printf",
        "qmk_firmware": "qmk_firmware",
        "uGFX": "uGFX",
        "v-usb": "v-usb"
      },
      "locked": {
        "lastModified": 1633595735,
        "narHash": "sha256-Sti1H21p/mCwJxsh8R4PYIx8F8fFX2axL5BGgLuiilY=",
        "owner": "maisiliym",
        "repo": "kibord",
        "rev": "02f3d7a9315d474bb8907a86cb8ab3e2de7e9643",
        "type": "github"
      },
      "original": {
        "owner": "maisiliym",
        "repo": "kibord",
        "type": "github"
      }
    },
    "kor": {
      "flake": false,
      "locked": {
        "lastModified": 1,
        "narHash": "sha256-yQgNf1tJH81RM62TQ4EQc+YIwZRdoROwsoztIocQlH4=",
        "path": "./nix/kor",
        "type": "path"
      },
      "original": {
        "path": "./nix/kor",
        "type": "path"
      }
    },
    "kp_boot_32u4": {
      "flake": false,
      "locked": {
        "lastModified": 1559970181,
        "narHash": "sha256-wSqaTAgaW+6cu9F8F4Vvq/8ga7ADlTEz2Api/g7UXWk=",
        "owner": "ahtn",
        "repo": "kp_boot_32u4",
        "rev": "54e899e9b1a06bb310a2d72bf9cc3017a8513ea2",
        "type": "github"
      },
      "original": {
        "owner": "ahtn",
        "repo": "kp_boot_32u4",
        "type": "github"
      }
    },
    "kriomWebsite": {
      "locked": {
        "lastModified": 1678945376,
        "narHash": "sha256-DQKfk/xPLwCyqVqnkJoeLpa4j34c5ZuQpkCNz8WSROQ=",
        "owner": "sajban",
        "repo": "website",
        "rev": "099f636982df44e99dd1034e792798e2454353c2",
        "type": "github"
      },
      "original": {
        "owner": "sajban",
        "repo": "website",
        "type": "github"
      }
    },
    "librem5-flash-image": {
      "flake": false,
      "locked": {
        "host": "source.puri.sm",
        "lastModified": 1677492112,
        "narHash": "sha256-xtrAYPVI8dJmmUPOU9C7OkFcC1naUrM9uHglUCTwdL8=",
        "owner": "Librem5",
        "repo": "librem5-flash-image",
        "rev": "7e2cd3bc121ecbbc493bd16ade1b8e70a6cb13bf",
        "type": "gitlab"
      },
      "original": {
        "host": "source.puri.sm",
        "owner": "Librem5",
        "repo": "librem5-flash-image",
        "type": "gitlab"
      }
    },
    "lowdown-src": {
      "flake": false,
      "locked": {
        "lastModified": 1633514407,
        "narHash": "sha256-Dw32tiMjdK9t3ETl5fzGrutQTzh2rufgZV4A/BbxuD4=",
        "owner": "kristapsdz",
        "repo": "lowdown",
        "rev": "d2c2b44ff6c27b936ec27358a2653caaef8f73b8",
        "type": "github"
      },
      "original": {
        "owner": "kristapsdz",
        "repo": "lowdown",
        "type": "github"
      }
    },
    "lufa": {
      "flake": false,
      "locked": {
        "lastModified": 1630764587,
        "narHash": "sha256-8KOBLQbd5107t8849Unir8KTxNoV2OGRlD/R8tBXhbc=",
        "owner": "qmk",
        "repo": "lufa",
        "rev": "d6df70b8b691390865878f2a3a66bf3da84fe138",
        "type": "github"
      },
      "original": {
        "owner": "qmk",
        "repo": "lufa",
        "type": "github"
      }
    },
    "mach-nix": {
      "inputs": {
        "flake-utils": [
          "hob",
          "flake-utils"
        ],
        "nixpkgs": [
          "hob",
          "nixpkgs"
        ],
        "pypi-deps-db": "pypi-deps-db"
      },
      "locked": {
        "lastModified": 1678343959,
        "narHash": "sha256-LGFLMTf9gEPYzLuny3idKQOGiZFVhmjR2VGvio4chMI=",
        "owner": "DavHau",
        "repo": "mach-nix",
        "rev": "f60b9833469adb18e57b4c9e8fc4804fce82e3da",
        "type": "github"
      },
      "original": {
        "owner": "DavHau",
        "repo": "mach-nix",
        "type": "github"
      }
    },
    "maisiliym": {
      "locked": {
        "lastModified": 1667554310,
        "narHash": "sha256-VjP9JOzAH3P6eqwfyaCkpjcsqMqZE6PAUPw8os3jgGw=",
        "owner": "LiGoldragon",
        "repo": "maisiliym",
        "rev": "1d75e32fc396fb6e3abbfbfaeaed64c721e47b0e",
        "type": "github"
      },
      "original": {
        "owner": "LiGoldragon",
        "repo": "maisiliym",
        "type": "github"
      }
    },
    "md-roam": {
      "flake": false,
      "locked": {
        "lastModified": 1677703517,
        "narHash": "sha256-9MhSXBLqtWxoEX7QpQoBQZIAdKxd3VL0TvinOz4pxME=",
        "owner": "nobiot",
        "repo": "md-roam",
        "rev": "8a1ca1192fdc3f1c11896605f2828635c3cf4ebb",
        "type": "github"
      },
      "original": {
        "owner": "nobiot",
        "repo": "md-roam",
        "type": "github"
      }
    },
    "mfgtools": {
      "flake": false,
      "locked": {
        "lastModified": 1678118546,
        "narHash": "sha256-Q3gfr7pfgHiexkvJWs9QZocQyPZqCaD6k8pvax6vbBM=",
        "owner": "NXPmicro",
        "repo": "mfgtools",
        "rev": "8c52019d305895401a053d2f73cacfbd671ed24f",
        "type": "github"
      },
      "original": {
        "owner": "NXPmicro",
        "repo": "mfgtools",
        "type": "github"
      }
    },
    "mkDatom": {
      "flake": false,
      "locked": {
        "lastModified": 1,
        "narHash": "sha256-MskTsVv1kbtAEDn2NS3NdInbFrjivKaOWLM5pH0tRv4=",
        "path": "./nix/mkDatom",
        "type": "path"
      },
      "original": {
        "path": "./nix/mkDatom",
        "type": "path"
      }
    },
    "mkKriomDatom": {
      "flake": false,
      "locked": {
        "lastModified": 1,
        "narHash": "sha256-gH8N3MR+cd3XR6KekLxma+g5JgNc2MzWm5guRCR8GWM=",
        "path": "./nix/mkKriomDatom",
        "type": "path"
      },
      "original": {
        "path": "./nix/mkKriomDatom",
        "type": "path"
      }
    },
    "mkKriomOS": {
      "flake": false,
      "locked": {
        "lastModified": 1,
        "narHash": "sha256-f29WR7/HAu5oPOkPGhppef5m1gMPbVE8O/kVeFHQRhc=",
        "path": "./nix/mkKriomOS",
        "type": "path"
      },
      "original": {
        "path": "./nix/mkKriomOS",
        "type": "path"
      }
    },
    "mkKriosfir": {
      "flake": false,
      "locked": {
        "lastModified": 1,
        "narHash": "sha256-Lt8guDy+pTqsfvcKHHSZIZhcHcUiQVwNJ0kjDxQ6+wU=",
        "path": "./nix/mkKriosfir",
        "type": "path"
      },
      "original": {
        "path": "./nix/mkKriosfir",
        "type": "path"
      }
    },
    "mkKriozonz": {
      "flake": false,
      "locked": {
        "lastModified": 1,
        "narHash": "sha256-wP/WmVEh6kubLeqmENr9wffw+6+VH/kzPdG69bw0euA=",
        "path": "./nix/mkKriozonz",
        "type": "path"
      },
      "original": {
        "path": "./nix/mkKriozonz",
        "type": "path"
      }
    },
    "mkPkgs": {
      "flake": false,
      "locked": {
        "lastModified": 1,
        "narHash": "sha256-g6yv1zM5wP3AbgQBv31tVjoPEftk0ohow/dFjiCrNds=",
        "path": "./nix/mkPkgs",
        "type": "path"
      },
      "original": {
        "path": "./nix/mkPkgs",
        "type": "path"
      }
    },
    "mkUyrld": {
      "flake": false,
      "locked": {
        "lastModified": 1,
        "narHash": "sha256-1gUhLw3HmgrD6xoTMCgDj1C4tkGQUIL4OeGQnMiPGbQ=",
        "path": "./nix/mkUyrld",
        "type": "path"
      },
      "original": {
        "path": "./nix/mkUyrld",
        "type": "path"
      }
    },
    "mkWebpage": {
      "flake": false,
      "locked": {
        "lastModified": 1,
        "narHash": "sha256-7C66n3cBNTDvQM8TS0dVWjIkI+Cbi24c4e6ZMDBLf5E=",
        "path": "./mkWebpage",
        "type": "path"
      },
      "original": {
        "path": "./mkWebpage",
        "type": "path"
      }
    },
    "mkZolaWebsite": {
      "locked": {
        "lastModified": 1668044468,
        "narHash": "sha256-f91kp2YwgNQZQsH2Cyr91QxiqHq4UfPBC+/GJ3Oetdo=",
        "owner": "sajban",
        "repo": "mkZolaWebsite",
        "rev": "f5b255600575a9ab027f8ebe41e5cc6a73aa683b",
        "type": "github"
      },
      "original": {
        "owner": "sajban",
        "repo": "mkZolaWebsite",
        "type": "github"
      }
    },
    "naersk": {
      "flake": false,
      "locked": {
        "lastModified": 1671096816,
        "narHash": "sha256-ezQCsNgmpUHdZANDCILm3RvtO1xH8uujk/+EqNvzIOg=",
        "owner": "nmattia",
        "repo": "naersk",
        "rev": "d998160d6a076cfe8f9741e56aeec7e267e3e114",
        "type": "github"
      },
      "original": {
        "owner": "nmattia",
        "repo": "naersk",
        "type": "github"
      }
    },
    "ndi": {
      "flake": false,
      "locked": {
        "lastModified": 1676267248,
        "narHash": "sha256-nYFbHkF50CRbDnUwxE4sEsrLPYNey6BhXmhHjtF5UYM=",
        "owner": "LiGoldragon",
        "repo": "ndi",
        "rev": "a80bbdb7ca1ad6534c3c02f5c5e73b99ebd0d38a",
        "type": "github"
      },
      "original": {
        "owner": "LiGoldragon",
        "repo": "ndi",
        "type": "github"
      }
    },
    "neksysNames": {
      "flake": false,
      "locked": {
        "lastModified": 1,
        "narHash": "sha256-Ke2gO8czqFCqrS1ZSDpkVm6urz33rizSG8mJX+SQzFI=",
        "path": "./nix/neksysNames",
        "type": "path"
      },
      "original": {
        "path": "./nix/neksysNames",
        "type": "path"
      }
    },
    "netresolve": {
      "flake": false,
      "locked": {
        "lastModified": 1643496191,
        "narHash": "sha256-xv0kI6jeRO8wQVs7XhUZrwSTaCycyp2bVkoZ/aoBX8w=",
        "owner": "crossdistro",
        "repo": "netresolve",
        "rev": "d40f1541447a99f4693e5f7d464720b31ee01351",
        "type": "github"
      },
      "original": {
        "owner": "crossdistro",
        "repo": "netresolve",
        "type": "github"
      }
    },
    "nix": {
      "inputs": {
        "flake-compat": "flake-compat_2",
        "lowdown-src": "lowdown-src",
        "nixpkgs": [
          "hob",
          "nixpkgs"
        ],
        "nixpkgs-regression": [
          "hob",
          "nixpkgs"
        ]
      },
      "locked": {
        "lastModified": 1679008383,
        "narHash": "sha256-nnYURoEl1HqsRm1NOxbSxR3qNL7tyCrcAB+IbzB8tJc=",
        "owner": "NixOS",
        "repo": "nix",
        "rev": "acd707acca8acbc276af5181c7724c70a6a69ad5",
        "type": "github"
      },
      "original": {
        "owner": "NixOS",
        "repo": "nix",
        "type": "github"
      }
    },
    "nixpkgs": {
      "locked": {
        "lastModified": 1679024440,
        "narHash": "sha256-jrOffTFjOXKi1njbi/ePcAEklFgvM01gNVEnQ+en4pc=",
        "owner": "NixOS",
        "repo": "nixpkgs",
        "rev": "cefb9fda9fec9b56c4d51f8c368dfea96c851eba",
        "type": "github"
      },
      "original": {
        "owner": "NixOS",
        "repo": "nixpkgs",
        "type": "github"
      }
    },
    "nixpkgs-mozilla": {
      "flake": false,
      "locked": {
        "lastModified": 1677493379,
        "narHash": "sha256-A1gO8zlWLv3+tZ3cGVB1WYvvoN9pbFyv0xIJHcTsckw=",
        "owner": "mozilla",
        "repo": "nixpkgs-mozilla",
        "rev": "78e723925daf5c9e8d0a1837ec27059e61649cb6",
        "type": "github"
      },
      "original": {
        "owner": "mozilla",
        "repo": "nixpkgs-mozilla",
        "type": "github"
      }
    },
    "nixpkgs_2": {
      "locked": {
        "lastModified": 1672791794,
        "narHash": "sha256-mqGPpGmwap0Wfsf3o2b6qHJW1w2kk/I6cGCGIU+3t6o=",
        "owner": "NixOS",
        "repo": "nixpkgs",
        "rev": "9813adc7f7c0edd738c6bdd8431439688bb0cb3d",
        "type": "github"
      },
      "original": {
        "owner": "NixOS",
        "ref": "nixos-unstable",
        "repo": "nixpkgs",
        "type": "github"
      }
    },
    "nvfetcher": {
      "inputs": {
        "flake-compat": "flake-compat_3",
        "flake-utils": "flake-utils_2",
        "nixpkgs": "nixpkgs_2"
      },
      "locked": {
        "lastModified": 1672979485,
        "narHash": "sha256-LrY0K1yya3nvRlGDc98wm68ozVj7E6a1EXXEr7eHp8E=",
        "owner": "berberman",
        "repo": "nvfetcher",
        "rev": "0a9ac5fd07b52467d81163b1f8c94c12e5c9aff9",
        "type": "github"
      },
      "original": {
        "owner": "berberman",
        "repo": "nvfetcher",
        "type": "github"
      }
    },
    "open-color": {
      "flake": false,
      "locked": {
        "lastModified": 1670158798,
        "narHash": "sha256-Yh0H7FcZ549FfzjCE7JJsOLk7ZPKDHfZHJV6l5SOvbQ=",
        "owner": "yeun",
        "repo": "open-color",
        "rev": "3a716ee1f5ff5456db33cb8a6e964afdca1e7bc3",
        "type": "github"
      },
      "original": {
        "owner": "yeun",
        "repo": "open-color",
        "type": "github"
      }
    },
    "org-remark": {
      "flake": false,
      "locked": {
        "lastModified": 1676842825,
        "narHash": "sha256-hU1BJM1Bbi8vsinPAtNp6XVwFCxJ3T1Msjq5o8NLoB0=",
        "owner": "nobiot",
        "repo": "org-remark",
        "rev": "bd0e57a3e58a7b09f914cc7d6c053b26e9061268",
        "type": "github"
      },
      "original": {
        "owner": "nobiot",
        "repo": "org-remark",
        "type": "github"
      }
    },
    "page-bird-uniks": {
      "flake": false,
      "locked": {
        "lastModified": 1646716783,
        "narHash": "sha256-L4H38uuT2iZocNBq/qfu9rnKblCHEf11bDRVqXXyacs=",
        "owner": "laif-zone",
        "repo": "bird",
        "rev": "d6fe512275a40bdc4aa25670127d22f6a2fb2e68",
        "type": "github"
      },
      "original": {
        "owner": "laif-zone",
        "repo": "bird",
        "type": "github"
      }
    },
    "page-maisiliym-uniks": {
      "flake": false,
      "locked": {
        "lastModified": 1646627294,
        "narHash": "sha256-w5r7X7KoXGEexE3UzGUSjZCLRCS1zAnkAewhUEuo7GE=",
        "owner": "maisiliym",
        "repo": "page.maisiliym.uniks",
        "rev": "98a89d9619937a3f2ac5666cc800722bbfa061af",
        "type": "github"
      },
      "original": {
        "owner": "maisiliym",
        "repo": "page.maisiliym.uniks",
        "type": "github"
      }
    },
    "pkdjz": {
      "flake": false,
      "locked": {
        "lastModified": 1,
        "narHash": "sha256-nYR8HdV1FrrFLm+Uw0vmeT1Tthd8QrOVg3BhZ/+XclA=",
        "path": "./nix/pkdjz",
        "type": "path"
      },
      "original": {
        "path": "./nix/pkdjz",
        "type": "path"
      }
    },
    "pnpm2nix": {
      "flake": false,
      "locked": {
        "lastModified": 1670077675,
        "narHash": "sha256-GlnnQ+jEYv8h+PEux8wqu7bUOmgEjYzB5hgn0HhffmI=",
        "owner": "LavaDesu",
        "repo": "pnpm2nix",
        "rev": "5815dbdf276c12a705a0c7437887dcdabeaba50c",
        "type": "github"
      },
      "original": {
        "owner": "LavaDesu",
        "ref": "next",
        "repo": "pnpm2nix",
        "type": "github"
      }
    },
    "postcss-scss": {
      "flake": false,
      "locked": {
        "lastModified": 1669512048,
        "narHash": "sha256-wuLVJ+Kp/EXkuEJVXYlgeBw0FjOOePMYQJm8LJGNwjc=",
        "owner": "postcss",
        "repo": "postcss-scss",
        "rev": "032ea838ade699608c4bbf88ec6ea6beb0088348",
        "type": "github"
      },
      "original": {
        "owner": "postcss",
        "repo": "postcss-scss",
        "type": "github"
      }
    },
    "printf": {
      "flake": false,
      "locked": {
        "lastModified": 1577899008,
        "narHash": "sha256-uLN9MtmL/6aE+TRRM0OFcL1xi4gGQNFvooEJkiVIabU=",
        "owner": "qmk",
        "repo": "printf",
        "rev": "d3b984684bb8a8bdc48cc7a1abecb93ce59bbe3e",
        "type": "github"
      },
      "original": {
        "owner": "qmk",
        "repo": "printf",
        "type": "github"
      }
    },
    "pueue-el": {
      "inputs": {
        "eldev": "eldev",
        "emacs-overlay": [
          "hob",
          "emacs-overlay"
        ],
        "nixpkgs": [
          "hob",
          "nixpkgs"
        ]
      },
      "locked": {
        "lastModified": 1676822323,
        "narHash": "sha256-O9X+6seSlMJZDP8QMjxyDfFu21EZBLwWI0EHMQ+EWi4=",
        "owner": "xFA25E",
        "repo": "pueue",
        "rev": "386e43d46cbf68470d040b422061ac2ba1629749",
        "type": "github"
      },
      "original": {
        "owner": "xFA25E",
        "repo": "pueue",
        "type": "github"
      }
    },
    "pypi-deps-db": {
      "flake": false,
      "locked": {
        "lastModified": 1678051695,
        "narHash": "sha256-kFFP8TN8pEKARtjK9loGdH+TU23ZbHdVLCUdNcufKPs=",
        "owner": "DavHau",
        "repo": "pypi-deps-db",
        "rev": "e00b22ead9d3534ba1c448e1af3076af6b234acf",
        "type": "github"
      },
      "original": {
        "owner": "DavHau",
        "repo": "pypi-deps-db",
        "type": "github"
      }
    },
    "ql2nix": {
      "flake": false,
      "locked": {
        "lastModified": 1628619956,
        "narHash": "sha256-OGIE+0ZYnd5u6+LQYW68ayMzyvgcssoO0FWsh4/HPe8=",
        "owner": "SquircleSpace",
        "repo": "ql2nix",
        "rev": "39cbd136b656c31717248b8527a55aeff5404cb6",
        "type": "github"
      },
      "original": {
        "owner": "SquircleSpace",
        "repo": "ql2nix",
        "type": "github"
      }
    },
    "qmk_firmware": {
      "flake": false,
      "locked": {
        "lastModified": 1600364742,
        "narHash": "sha256-HB/hlkWtdITfrPiwM97svvyEgK3PaMisO34UTURbpxs=",
        "owner": "qmk",
        "repo": "qmk_firmware",
        "rev": "bc15c4f4ab81c1e2950dfc1c38cf86dc626573c9",
        "type": "github"
      },
      "original": {
        "owner": "qmk",
        "repo": "qmk_firmware",
        "rev": "bc15c4f4ab81c1e2950dfc1c38cf86dc626573c9",
        "type": "github"
      }
    },
    "ron-vim": {
      "flake": false,
      "locked": {
        "lastModified": 1660904719,
        "narHash": "sha256-8/xJmymtVGVz2avzlamgK1cNflZ3NRL+B3c7xxbI964=",
        "owner": "ron-rs",
        "repo": "ron.vim",
        "rev": "f749e543975a82e8dd9a6e7df9600a1c098ae800",
        "type": "github"
      },
      "original": {
        "owner": "ron-rs",
        "repo": "ron.vim",
        "type": "github"
      }
    },
    "root": {
      "inputs": {
        "AskiCoreNiks": "AskiCoreNiks",
        "AskiDefaultBuilder": "AskiDefaultBuilder",
        "AskiNiks": "AskiNiks",
        "files": "files",
        "hob": "hob",
        "homeModule": "homeModule",
        "kor": "kor",
        "mkDatom": "mkDatom",
        "mkKriomDatom": "mkKriomDatom",
        "mkKriomOS": "mkKriomOS",
        "mkKriosfir": "mkKriosfir",
        "mkKriozonz": "mkKriozonz",
        "mkPkgs": "mkPkgs",
        "mkUyrld": "mkUyrld",
        "mkWebpage": "mkWebpage",
        "neksysNames": "neksysNames",
        "pkdjz": "pkdjz",
        "tests": "tests"
      }
    },
    "rust-analyzer-src": {
      "flake": false,
      "locked": {
        "lastModified": 1678888936,
        "narHash": "sha256-xs5tbRf0k1RA9li0rM7k1ar0sG5DHp9+rpAP7sjhsNw=",
        "owner": "rust-lang",
        "repo": "rust-analyzer",
        "rev": "924d277f32b53219fcaa03226c17b485a081ed16",
        "type": "github"
      },
      "original": {
        "owner": "rust-lang",
        "ref": "nightly",
        "repo": "rust-analyzer",
        "type": "github"
      }
    },
    "sajban": {
      "flake": false,
      "locked": {
        "lastModified": 1648272784,
        "narHash": "sha256-H6TISlbmulEbP3p2XW6Yi6oROqmGPuqlQb2HFw60J88=",
        "owner": "sajban",
        "repo": "sajban",
        "rev": "c68b4a1c788c546eb4c5b387d82b06afde2df21a",
        "type": "github"
      },
      "original": {
        "owner": "sajban",
        "repo": "sajban",
        "type": "github"
      }
    },
    "seahawk": {
      "locked": {
        "lastModified": 1667373205,
        "narHash": "sha256-6Uk1fgv0p8bTdnTPqBAoFHvfHkE6DiITRlpPuHJqacs=",
        "owner": "sajban",
        "repo": "seahawk",
        "rev": "b0da7be1ab2eee592db9de192288b8dc2850dd3a",
        "type": "github"
      },
      "original": {
        "owner": "sajban",
        "repo": "seahawk",
        "type": "github"
      }
    },
    "seahawkWebsite": {
      "flake": false,
      "locked": {
        "lastModified": 1667372545,
        "narHash": "sha256-UgsZoRhoCNXm+IVJd/X3WHMMhPqNnB7shiMZIM5u8uA=",
        "owner": "AnaSeahawk",
        "repo": "website",
        "rev": "eda73662fdcdf3feec199ef6ea98458eda2bfc8a",
        "type": "github"
      },
      "original": {
        "owner": "AnaSeahawk",
        "repo": "website",
        "type": "github"
      }
    },
    "shen": {
      "flake": false,
      "locked": {
        "lastModified": 1642569955,
        "narHash": "sha256-FVFoYeQJQjKIVWND6RdqwV++/F7u84u7KOn1QZeRzTM=",
        "owner": "sajban",
        "repo": "shen",
        "rev": "0a5286bb99b27a89664f8944fbb1eb104d812a61",
        "type": "github"
      },
      "original": {
        "owner": "sajban",
        "repo": "shen",
        "type": "github"
      }
    },
    "shen-mode": {
      "flake": false,
      "locked": {
        "lastModified": 1669220738,
        "narHash": "sha256-nsmDhKW8R51nqRqEbrjyC0PLY91GwkiwzG77F6IqIN8=",
        "owner": "NHALX",
        "repo": "shen-mode",
        "rev": "21f785ef8aeb5e24d65cabb995f3841693111856",
        "type": "github"
      },
      "original": {
        "owner": "NHALX",
        "repo": "shen-mode",
        "type": "github"
      }
    },
    "skrips": {
      "locked": {
        "lastModified": 1662776669,
        "narHash": "sha256-a7ZsXP4OUmXkrYRmjmyZDko+caT//AHplFuy+MNL8/k=",
        "owner": "maisiliym",
        "repo": "skrips",
        "rev": "2fbe2694a117b9c9ae5f255ad5a5c986ee60fde6",
        "type": "github"
      },
      "original": {
        "owner": "maisiliym",
        "repo": "skrips",
        "type": "github"
      }
    },
    "staticSbcl": {
      "flake": false,
      "locked": {
        "lastModified": 1641230582,
        "narHash": "sha256-If/Ps7u0v5CdTNkS0FHZpFg9kP7JjzpnuwnaQS0OkEI=",
        "owner": "daewok",
        "repo": "sbcl",
        "rev": "cf151181ef34a8a08802611d51a0566b7a7aa1ec",
        "type": "github"
      },
      "original": {
        "owner": "daewok",
        "ref": "static-executable-v2",
        "repo": "sbcl",
        "type": "github"
      }
    },
    "tera-mode": {
      "flake": false,
      "locked": {
        "lastModified": 1649325036,
        "narHash": "sha256-E5RsNmBvhZgizBM4n1PX22qRrEw7LNGg+TFVi34P0ec=",
        "owner": "svavs",
        "repo": "tera-mode",
        "rev": "cf3e9a2d86853eb2162b8c2160cdf57d7ca6a442",
        "type": "github"
      },
      "original": {
        "owner": "svavs",
        "repo": "tera-mode",
        "type": "github"
      }
    },
    "tests": {
      "flake": false,
      "locked": {
        "lastModified": 1,
        "narHash": "sha256-DQAefrbTtRiR5SZcpTjDhj5UhMxsIA50mclje6PVPs0=",
        "path": "./nix/tests",
        "type": "path"
      },
      "original": {
        "path": "./nix/tests",
        "type": "path"
      }
    },
    "toodoo-el": {
      "flake": false,
      "locked": {
        "lastModified": 1647324063,
        "narHash": "sha256-qG93vX8TBd+4WIkAAciTknWrgX87XmNqkgPQCapXBwM=",
        "owner": "ChanderG",
        "repo": "toodoo.el",
        "rev": "149a563863c2f728c5f903475dbce50547c51000",
        "type": "github"
      },
      "original": {
        "owner": "ChanderG",
        "repo": "toodoo.el",
        "type": "github"
      }
    },
    "uGFX": {
      "flake": false,
      "locked": {
        "lastModified": 1578814645,
        "narHash": "sha256-ADuZ2SnWbLZ7lK6G3Zy2jxcpm5AuQ2M92sP5+caxh54=",
        "owner": "qmk",
        "repo": "uGFX",
        "rev": "40b48f470addad6a4fb1177de1a69a181158739b",
        "type": "github"
      },
      "original": {
        "owner": "qmk",
        "repo": "uGFX",
        "type": "github"
      }
    },
    "v-usb": {
      "flake": false,
      "locked": {
        "lastModified": 1597536441,
        "narHash": "sha256-TMX0BowFBzQtS+7I86bwYsCl0qFrxmFbTvOLEqhDwjY=",
        "owner": "qmk",
        "repo": "v-usb",
        "rev": "bdb53e4c043d089279d9891b68bea77614cb97ee",
        "type": "github"
      },
      "original": {
        "owner": "qmk",
        "repo": "v-usb",
        "type": "github"
      }
    },
    "videocut": {
      "flake": false,
      "locked": {
        "lastModified": 1669922125,
        "narHash": "sha256-2k2cd0M9yZNcU5vHBk6UQO4Me0ztGm6FQw2ttPI3unE=",
        "owner": "kanehekili",
        "repo": "VideoCut",
        "rev": "09e735a69bc6da6cae85ff83c8de94c7470b5f0c",
        "type": "github"
      },
      "original": {
        "owner": "kanehekili",
        "repo": "VideoCut",
        "type": "github"
      }
    },
    "xah-fly-keys": {
      "flake": false,
      "locked": {
        "lastModified": 1678478422,
        "narHash": "sha256-+fQEOJejoVl/MmiwZ2HskaGbpyReIgcnVaoVqOj5Xag=",
        "owner": "xahlee",
        "repo": "xah-fly-keys",
        "rev": "a590cf24998b44e0d1e3d5b8660fc6da8b51e1c0",
        "type": "github"
      },
      "original": {
        "owner": "xahlee",
        "repo": "xah-fly-keys",
        "type": "github"
      }
    }
  },
  "root": "root",
  "version": 7
}
