{
  "nodes": {
    "AskiCore": {
      "flake": false,
      "locked": {
        "lastModified": 1,
        "narHash": "sha256-ZLyzoJbXHpV/z9rYycbCSVZvdi8yCoHUXz2P9ALVZ0I=",
        "path": "./AskiCore",
        "type": "path"
      },
      "original": {
        "path": "./AskiCore",
        "type": "path"
      }
    },
    "AskiCoreFleik": {
      "flake": false,
      "locked": {
        "lastModified": 1,
        "narHash": "sha256-qOqDilUpjJVRGHaJqTIO2Y5eJaIQuGE0frZC9ZcZyNc=",
        "path": "./AskiCoreFleik",
        "type": "path"
      },
      "original": {
        "path": "./AskiCoreFleik",
        "type": "path"
      }
    },
    "AskiCoreNiks": {
      "flake": false,
      "locked": {
        "lastModified": 1,
        "narHash": "sha256-w0lewzQZ2ClGmTuarwscVi4qjIDL2mGXJ7aIP5QkLQU=",
        "path": "./AskiCoreNiks",
        "type": "path"
      },
      "original": {
        "path": "./AskiCoreNiks",
        "type": "path"
      }
    },
    "AskiCoreNiks_2": {
      "flake": false,
      "locked": {
        "lastModified": 1,
        "narHash": "sha256-w0lewzQZ2ClGmTuarwscVi4qjIDL2mGXJ7aIP5QkLQU=",
        "path": "./AskiCoreNiks",
        "type": "path"
      },
      "original": {
        "path": "./AskiCoreNiks",
        "type": "path"
      }
    },
    "AskiDefaultBuilder": {
      "flake": false,
      "locked": {
        "lastModified": 1,
        "narHash": "sha256-dMQ4qUC2aFkZrM88zvxdiu/tdOOakETGTVOuL9/N2yI=",
        "path": "./AskiDefaultBuilder",
        "type": "path"
      },
      "original": {
        "path": "./AskiDefaultBuilder",
        "type": "path"
      }
    },
    "AskiDefaultBuilder_2": {
      "flake": false,
      "locked": {
        "lastModified": 1,
        "narHash": "sha256-dMQ4qUC2aFkZrM88zvxdiu/tdOOakETGTVOuL9/N2yI=",
        "path": "./AskiDefaultBuilder",
        "type": "path"
      },
      "original": {
        "path": "./AskiDefaultBuilder",
        "type": "path"
      }
    },
    "AskiNiks": {
      "flake": false,
      "locked": {
        "lastModified": 1,
        "narHash": "sha256-Zpw5k0lpafxdko9NdW8Yyakghx1ijMnG1wS3FjyQZuM=",
        "path": "./AskiNiks",
        "type": "path"
      },
      "original": {
        "path": "./AskiNiks",
        "type": "path"
      }
    },
    "AskiNiks_2": {
      "flake": false,
      "locked": {
        "lastModified": 1,
        "narHash": "sha256-Zpw5k0lpafxdko9NdW8Yyakghx1ijMnG1wS3FjyQZuM=",
        "path": "./AskiNiks",
        "type": "path"
      },
      "original": {
        "path": "./AskiNiks",
        "type": "path"
      }
    },
    "ChibiOS": {
      "flake": false,
      "locked": {
        "lastModified": 1613226400,
        "narHash": "sha256-yfEbgFN1scjDtza2L5s4QnxrlFjpnKDYBM7Ak7WP4QU=",
        "owner": "qmk",
        "repo": "ChibiOS",
        "rev": "413e39c5681d181720440f2a8b7391f581788d7b",
        "type": "github"
      },
      "original": {
        "owner": "qmk",
        "repo": "ChibiOS",
        "type": "github"
      }
    },
    "ChibiOS-Contrib": {
      "flake": false,
      "locked": {
        "lastModified": 1630157004,
        "narHash": "sha256-mjILJeNdmn6iDMRUjgQh4Wz7We77TC1QmUgAdK220T8=",
        "owner": "qmk",
        "repo": "ChibiOS-Contrib",
        "rev": "4568901a91e9bef78ea96a7a83e8150fe1f7353a",
        "type": "github"
      },
      "original": {
        "owner": "qmk",
        "repo": "ChibiOS-Contrib",
        "type": "github"
      }
    },
    "KLambdaBootstrap": {
      "flake": false,
      "locked": {
        "lastModified": 1,
        "narHash": "sha256-rusyGaan8eDqlEc7zmxMdYDoO4OKoPllC5juxP2qnko=",
        "path": "./KLambdaBootstrap",
        "type": "path"
      },
      "original": {
        "path": "./KLambdaBootstrap",
        "type": "path"
      }
    },
    "LispCore": {
      "flake": false,
      "locked": {
        "lastModified": 1,
        "narHash": "sha256-aebErJ/qYHaE/cdnWPwj3Kx3isN94bYKA8Jo//NJ42A=",
        "path": "./LispCore",
        "type": "path"
      },
      "original": {
        "path": "./LispCore",
        "type": "path"
      }
    },
    "LispCorePrimitives": {
      "flake": false,
      "locked": {
        "lastModified": 1,
        "narHash": "sha256-buCczYUZ0biupPUUYgc36PsVVetu9NbsuLWnYJJgR9M=",
        "path": "./LispCorePrimitives",
        "type": "path"
      },
      "original": {
        "path": "./LispCorePrimitives",
        "type": "path"
      }
    },
    "LispExtendedPrimitives": {
      "flake": false,
      "locked": {
        "lastModified": 1,
        "narHash": "sha256-NsHHXvXLTUtkAOTSuiIqf0Li4XG9cJSgWxmb8izi3Nc=",
        "path": "./LispExtendedPrimitives",
        "type": "path"
      },
      "original": {
        "path": "./LispExtendedPrimitives",
        "type": "path"
      }
    },
    "ShenAski": {
      "flake": false,
      "locked": {
        "lastModified": 1,
        "narHash": "sha256-Icqb70Hiz6P0lypMk1pFi9tc2u6vj6fV/kaqZeXLkYk=",
        "path": "./ShenAski",
        "type": "path"
      },
      "original": {
        "path": "./ShenAski",
        "type": "path"
      }
    },
    "ShenCore": {
      "flake": false,
      "locked": {
        "lastModified": 1,
        "narHash": "sha256-NNMP9dh4BTdPx4W8mnhTCDvCoVYUXnhDFFUHDYU/z1M=",
        "path": "./ShenCore",
        "type": "path"
      },
      "original": {
        "path": "./ShenCore",
        "type": "path"
      }
    },
    "ShenCoreBootstrap": {
      "flake": false,
      "locked": {
        "lastModified": 1,
        "narHash": "sha256-P6muYTBiw/wwqN5HE3BqBvkbYDpjZ/HRyZ7ME2TbCOY=",
        "path": "./ShenCoreBootstrap",
        "type": "path"
      },
      "original": {
        "path": "./ShenCoreBootstrap",
        "type": "path"
      }
    },
    "ShenCoreTests": {
      "flake": false,
      "locked": {
        "lastModified": 1,
        "narHash": "sha256-EbT8PfeWjkLIutpLuDQyLO9FiQyqP5i0BsvCo06zl7I=",
        "path": "./ShenCoreTests",
        "type": "path"
      },
      "original": {
        "path": "./ShenCoreTests",
        "type": "path"
      }
    },
    "ShenExtended": {
      "flake": false,
      "locked": {
        "lastModified": 1,
        "narHash": "sha256-0XpXnv70oWPwZ6F1qV5SjPjef7BfrvsnY1ED5kfmpUU=",
        "path": "./ShenExtended",
        "type": "path"
      },
      "original": {
        "path": "./ShenExtended",
        "type": "path"
      }
    },
    "ShenExtendedBootstrap": {
      "flake": false,
      "locked": {
        "lastModified": 1,
        "narHash": "sha256-s9GegX9q30AGIohEH4Q04wXzJi8krBiqE4XSgjs6UeY=",
        "path": "./ShenExtendedBootstrap",
        "type": "path"
      },
      "original": {
        "path": "./ShenExtendedBootstrap",
        "type": "path"
      }
    },
    "ShenExtendedTests": {
      "flake": false,
      "locked": {
        "lastModified": 1,
        "narHash": "sha256-9b0mPdxzcmyjfuMOVvjwd7/JCeikF8OGqDiKL4KApk0=",
        "path": "./ShenExtendedTests",
        "type": "path"
      },
      "original": {
        "path": "./ShenExtendedTests",
        "type": "path"
      }
    },
    "arcnmxNixexprs": {
      "inputs": {
        "nixpkgs": [
          "hob",
          "nixpkgs"
        ]
      },
      "locked": {
        "lastModified": 1663355656,
        "narHash": "sha256-3unrNbVJR+s764pWKibdbKyf6g5IWng/sjpvLqiMlIU=",
        "owner": "arcnmx",
        "repo": "nixexprs",
        "rev": "6fee134fe6ff18c3e59d24718c9f3193616a3f18",
        "type": "github"
      },
      "original": {
        "owner": "arcnmx",
        "repo": "nixexprs",
        "type": "github"
      }
    },
    "aski": {
      "inputs": {
        "AskiCore": "AskiCore",
        "AskiCoreFleik": "AskiCoreFleik",
        "AskiCoreNiks": "AskiCoreNiks_2",
        "AskiDefaultBuilder": "AskiDefaultBuilder_2",
        "AskiNiks": "AskiNiks_2",
        "KLambdaBootstrap": "KLambdaBootstrap",
        "LispCore": "LispCore",
        "LispCorePrimitives": "LispCorePrimitives",
        "LispExtendedPrimitives": "LispExtendedPrimitives",
        "ShenAski": "ShenAski",
        "ShenCore": "ShenCore",
        "ShenCoreBootstrap": "ShenCoreBootstrap",
        "ShenCoreTests": "ShenCoreTests",
        "ShenExtended": "ShenExtended",
        "ShenExtendedBootstrap": "ShenExtendedBootstrap",
        "ShenExtendedTests": "ShenExtendedTests"
      },
      "locked": {
        "lastModified": 1669181846,
        "narHash": "sha256-no5uGzefOS/2WCxZ6t3pVIHRj4b6k1NC4qEgBxrT6N8=",
        "owner": "sajban",
        "repo": "aski",
        "rev": "d8a71f3f98edeb49ac166721a494396cca5ea6c5",
        "type": "github"
      },
      "original": {
        "owner": "sajban",
        "repo": "aski",
        "type": "github"
      }
    },
    "base16-styles": {
      "flake": false,
      "locked": {
        "lastModified": 1493578694,
        "narHash": "sha256-cGezU4UofSHvx3ZeRU9JuV63jksxy0L9KzUO+uWfUt8=",
        "owner": "samme",
        "repo": "base16-styles",
        "rev": "8db4f00ca9e5575ba52d98a204ee44a53e13d546",
        "type": "github"
      },
      "original": {
        "owner": "samme",
        "repo": "base16-styles",
        "type": "github"
      }
    },
    "base16-theme": {
      "flake": false,
      "locked": {
        "lastModified": 1627871365,
        "narHash": "sha256-aW965K+aPJMH77EZT3K1mAyK08OUwodeCVhP2Adt3is=",
        "owner": "league",
        "repo": "base16-emacs",
        "rev": "5d03125650167527b8c13e45cc088d4d6bab5407",
        "type": "github"
      },
      "original": {
        "owner": "league",
        "repo": "base16-emacs",
        "type": "github"
      }
    },
    "buttons": {
      "flake": false,
      "locked": {
        "lastModified": 1507310801,
        "narHash": "sha256-upJBWx3iMVM7i8vjTbzc2g9uTgoWo3q8W1MQzPyLuho=",
        "owner": "alexwolfe",
        "repo": "Buttons",
        "rev": "0a91b65bc9e3a8bbbefbe1af20047dabed0d742e",
        "type": "github"
      },
      "original": {
        "owner": "alexwolfe",
        "repo": "Buttons",
        "type": "github"
      }
    },
    "crate2nix": {
      "flake": false,
      "locked": {
        "lastModified": 1662942486,
        "narHash": "sha256-Mie6kEiT368pq5AuOzGLdptoeI3jhZkxejdu47MzF2I=",
        "owner": "kolloch",
        "repo": "crate2nix",
        "rev": "1a6b3f6984b74bcb5cb5351f7f30087bd13e8f45",
        "type": "github"
      },
      "original": {
        "owner": "kolloch",
        "repo": "crate2nix",
        "type": "github"
      }
    },
    "dunst": {
      "flake": false,
      "locked": {
        "lastModified": 1657532297,
        "narHash": "sha256-Fo2iZYp8uzAdawnKZkUKSvjg/eL1/McP1SZapELNVcs=",
        "owner": "dunst-project",
        "repo": "dunst",
        "rev": "1ef38e59cfbc985b2f7a8fdc229e7755cf3863a3",
        "type": "github"
      },
      "original": {
        "owner": "dunst-project",
        "repo": "dunst",
        "type": "github"
      }
    },
    "eldev": {
      "flake": false,
      "locked": {
        "lastModified": 1662672849,
        "narHash": "sha256-yna3SPVUb6Dzt0Wrl7EY05oNrGHSFVJL1QFhUKNb3DQ=",
        "owner": "doublep",
        "repo": "eldev",
        "rev": "659f4d9c97a44cf29ded5594b3f5de8da99ec973",
        "type": "github"
      },
      "original": {
        "owner": "doublep",
        "ref": "1.2.2",
        "repo": "eldev",
        "type": "github"
      }
    },
    "emacs-overlay": {
      "inputs": {
        "flake-utils": [
          "hob",
          "flake-utils"
        ],
        "nixpkgs": [
          "hob",
          "nixpkgs"
        ]
      },
      "locked": {
        "lastModified": 1663410592,
        "narHash": "sha256-WkcXd6uAfSfJscflb2ivOPqCgCyQGo4nUkQwIUTXtjg=",
        "owner": "nix-community",
        "repo": "emacs-overlay",
        "rev": "350a3df35560f727046192cefd19e0d7e496a652",
        "type": "github"
      },
      "original": {
        "owner": "nix-community",
        "repo": "emacs-overlay",
        "type": "github"
      }
    },
    "ement-el": {
      "flake": false,
      "locked": {
        "lastModified": 1663296575,
        "narHash": "sha256-g80gVcV2krDle3gtfN+yxgvQu8McCffXziSZP3YmlHo=",
        "owner": "alphapapa",
        "repo": "ement.el",
        "rev": "75441f919be9df511a0321ce92624ffca04373e4",
        "type": "github"
      },
      "original": {
        "owner": "alphapapa",
        "repo": "ement.el",
        "type": "github"
      }
    },
    "fenix": {
      "inputs": {
        "nixpkgs": [
          "hob",
          "nixpkgs"
        ],
        "rust-analyzer-src": "rust-analyzer-src"
      },
      "locked": {
        "lastModified": 1663396212,
        "narHash": "sha256-dlK10QPTDYNpJ/vl2QPKOTrqEbQwAR/v2f4+xsetTkw=",
        "owner": "nix-community",
        "repo": "fenix",
        "rev": "263cd7f991c07a9592a6e825bfc37b23b00eb244",
        "type": "github"
      },
      "original": {
        "owner": "nix-community",
        "repo": "fenix",
        "type": "github"
      }
    },
    "files": {
      "flake": false,
      "locked": {
        "lastModified": 1,
        "narHash": "sha256-g/w8+SsvTI39Bq+seNPd7UiJffC+qzyR14BYRKb9X40=",
        "path": "./nix/files",
        "type": "path"
      },
      "original": {
        "path": "./nix/files",
        "type": "path"
      }
    },
    "firn": {
      "flake": false,
      "locked": {
        "lastModified": 1646303059,
        "narHash": "sha256-Ds5h9kg+8QkoJRNbCEMHkrCS91Z9G4spM58DX2SeacU=",
        "owner": "maisiliym",
        "repo": "firn",
        "rev": "546f2f4724297409be4beefec926c11456e96e4f",
        "type": "github"
      },
      "original": {
        "owner": "maisiliym",
        "ref": "main",
        "repo": "firn",
        "type": "github"
      }
    },
    "flake-compat": {
      "flake": false,
      "locked": {
        "lastModified": 1650374568,
        "narHash": "sha256-Z+s0J8/r907g149rllvwhb4pKi8Wam5ij0st8PwAh+E=",
        "owner": "edolstra",
        "repo": "flake-compat",
        "rev": "b4a34015c698c7793d592d66adbab377907a2be8",
        "type": "github"
      },
      "original": {
        "owner": "edolstra",
        "repo": "flake-compat",
        "type": "github"
      }
    },
    "flake-utils": {
      "locked": {
        "lastModified": 1659877975,
        "narHash": "sha256-zllb8aq3YO3h8B/U0/J1WBgAL8EX5yWf5pMj3G0NAmc=",
        "owner": "numtide",
        "repo": "flake-utils",
        "rev": "c0e246b9b83f637f4681389ecabcb2681b4f3af0",
        "type": "github"
      },
      "original": {
        "owner": "numtide",
        "repo": "flake-utils",
        "type": "github"
      }
    },
    "goldragon": {
      "locked": {
        "lastModified": 1663666582,
        "narHash": "sha256-f5GyGuLH9W7o7aK//9X0oa2NgFFt5ifpDo4DV++244w=",
        "owner": "LiGoldragon",
        "repo": "goldragon",
        "rev": "7da4ce4732061b00b06dd6d5df691d02210bccfe",
        "type": "github"
      },
      "original": {
        "owner": "LiGoldragon",
        "repo": "goldragon",
        "type": "github"
      }
    },
    "goldragonWebpage": {
      "locked": {
        "lastModified": 1665622183,
        "narHash": "sha256-Esw/irj7DNqzTdlCnxVNAoqW4i0syNb8+8yH4P9WwkU=",
        "owner": "LiGoldragon",
        "repo": "webpage",
        "rev": "3974181540280e54121c1f4c02a7746909ace844",
        "type": "github"
      },
      "original": {
        "owner": "LiGoldragon",
        "repo": "webpage",
        "type": "github"
      }
    },
    "googletest": {
      "flake": false,
      "locked": {
        "lastModified": 1627529225,
        "narHash": "sha256-VuOfUPwl3QHtxjGfWq2tjObutncRoOjEJoY1ET+4pNI=",
        "owner": "qmk",
        "repo": "googletest",
        "rev": "2d924d7a971e9667d76ad09727fb2402b4f8a1e3",
        "type": "github"
      },
      "original": {
        "owner": "qmk",
        "repo": "googletest",
        "type": "github"
      }
    },
    "hexdumpSrc": {
      "flake": false,
      "locked": {
        "lastModified": 1615171434,
        "narHash": "sha256-nQR61r37koQkN46vQyDFBTij7se9+z0xg89b90UkLIM=",
        "owner": "sarnold",
        "repo": "hexdump",
        "rev": "a1686f09a70091d6bbb1aa6f2f8a255db8fcb3cf",
        "type": "github"
      },
      "original": {
        "owner": "sarnold",
        "repo": "hexdump",
        "type": "github"
      }
    },
    "hob": {
      "inputs": {
        "arcnmxNixexprs": "arcnmxNixexprs",
        "aski": "aski",
        "base16-styles": "base16-styles",
        "base16-theme": "base16-theme",
        "buttons": "buttons",
        "crate2nix": "crate2nix",
        "dunst": "dunst",
        "emacs-overlay": "emacs-overlay",
        "ement-el": "ement-el",
        "fenix": "fenix",
        "firn": "firn",
        "flake-compat": "flake-compat",
        "flake-utils": "flake-utils",
        "goldragon": "goldragon",
        "goldragonWebpage": "goldragonWebpage",
        "home-manager": "home-manager",
        "kibord": "kibord",
        "kriomWebsite": "kriomWebsite",
        "librem5-flash-image": "librem5-flash-image",
        "mach-nix": "mach-nix",
        "maisiliym": "maisiliym",
        "mfgtools": "mfgtools",
        "mkZolaWebsite": "mkZolaWebsite",
        "naersk": "naersk",
        "netresolve": "netresolve",
        "nix": "nix",
        "nixpkgs": "nixpkgs",
        "nixpkgs-mozilla": "nixpkgs-mozilla",
        "open-color": "open-color",
        "org-remark": "org-remark",
        "page-bird-uniks": "page-bird-uniks",
        "page-maisiliym-uniks": "page-maisiliym-uniks",
        "pnpm2nix": "pnpm2nix",
        "postcss-scss": "postcss-scss",
        "pueue-el": "pueue-el",
        "ql2nix": "ql2nix",
        "reseter-css": "reseter-css",
        "ron-vim": "ron-vim",
        "sajban": "sajban",
        "seahawk": "seahawk",
        "seahawkWebsite": "seahawkWebsite",
        "shen": "shen",
        "shen-mode": "shen-mode",
        "skrips": "skrips",
        "staticSbcl": "staticSbcl",
        "tera-mode": "tera-mode",
        "toodoo-el": "toodoo-el",
        "xah-fly-keys": "xah-fly-keys"
      },
      "locked": {
        "lastModified": 1669182172,
        "narHash": "sha256-NaA+UKbvmW8oT3sKJc0+ateUByKG8zLHiYPud9gNxBM=",
        "owner": "sajban",
        "repo": "hob",
        "rev": "2edfceaaf43233fc250c32a84683d55a49f92cbf",
        "type": "github"
      },
      "original": {
        "owner": "sajban",
        "ref": "itsBedTime",
        "repo": "hob",
        "type": "github"
      }
    },
    "home-manager": {
      "inputs": {
        "nixpkgs": [
          "hob",
          "nixpkgs"
        ],
        "utils": [
          "hob",
          "flake-utils"
        ]
      },
      "locked": {
        "lastModified": 1663390131,
        "narHash": "sha256-f+Fd320w4QIQfe7S2QhJc0VKQAfux1Q8N/g2Yi457u0=",
        "owner": "sajban",
        "repo": "home-manager",
        "rev": "94b928dc7ab6dea3fef5e04cde6deac439a5e638",
        "type": "github"
      },
      "original": {
        "owner": "sajban",
        "ref": "fix-pueue-empty-settings",
        "repo": "home-manager",
        "type": "github"
      }
    },
    "homeModule": {
      "flake": false,
      "locked": {
        "lastModified": 1,
        "narHash": "sha256-ze8rgNizdRYUXz6fv4FfoeQKhfCnnCI7YMUam53Yw2I=",
        "path": "./nix/homeModule",
        "type": "path"
      },
      "original": {
        "path": "./nix/homeModule",
        "type": "path"
      }
    },
    "kibord": {
      "inputs": {
        "ChibiOS": "ChibiOS",
        "ChibiOS-Contrib": "ChibiOS-Contrib",
        "googletest": "googletest",
        "hexdumpSrc": "hexdumpSrc",
        "kp_boot_32u4": "kp_boot_32u4",
        "lufa": "lufa",
        "printf": "printf",
        "qmk_firmware": "qmk_firmware",
        "uGFX": "uGFX",
        "v-usb": "v-usb"
      },
      "locked": {
        "lastModified": 1633595735,
        "narHash": "sha256-Sti1H21p/mCwJxsh8R4PYIx8F8fFX2axL5BGgLuiilY=",
        "owner": "maisiliym",
        "repo": "kibord",
        "rev": "02f3d7a9315d474bb8907a86cb8ab3e2de7e9643",
        "type": "github"
      },
      "original": {
        "owner": "maisiliym",
        "repo": "kibord",
        "type": "github"
      }
    },
    "kor": {
      "flake": false,
      "locked": {
        "lastModified": 1,
        "narHash": "sha256-yQgNf1tJH81RM62TQ4EQc+YIwZRdoROwsoztIocQlH4=",
        "path": "./nix/kor",
        "type": "path"
      },
      "original": {
        "path": "./nix/kor",
        "type": "path"
      }
    },
    "kp_boot_32u4": {
      "flake": false,
      "locked": {
        "lastModified": 1559970181,
        "narHash": "sha256-wSqaTAgaW+6cu9F8F4Vvq/8ga7ADlTEz2Api/g7UXWk=",
        "owner": "ahtn",
        "repo": "kp_boot_32u4",
        "rev": "54e899e9b1a06bb310a2d72bf9cc3017a8513ea2",
        "type": "github"
      },
      "original": {
        "owner": "ahtn",
        "repo": "kp_boot_32u4",
        "type": "github"
      }
    },
    "kriomWebsite": {
      "locked": {
        "lastModified": 1667374983,
        "narHash": "sha256-Iymw2sGculA/7Y5+io4cSmQu63ynduRWswv1Y7jWzrw=",
        "owner": "sajban",
        "repo": "website",
        "rev": "1215109bc1374d0a996af894bb2f1c29c2e07f4e",
        "type": "github"
      },
      "original": {
        "owner": "sajban",
        "repo": "website",
        "type": "github"
      }
    },
    "librem5-flash-image": {
      "flake": false,
      "locked": {
        "host": "source.puri.sm",
        "lastModified": 1661245029,
        "narHash": "sha256-0dTnF40DakOsH6zjHgkABBX3HEhCXwyLLRY4Cn9n7JI=",
        "owner": "Librem5",
        "repo": "librem5-flash-image",
        "rev": "08f264f7f4eec9a09a9f5eb8960f18b546b03fe5",
        "type": "gitlab"
      },
      "original": {
        "host": "source.puri.sm",
        "owner": "Librem5",
        "repo": "librem5-flash-image",
        "type": "gitlab"
      }
    },
    "lowdown-src": {
      "flake": false,
      "locked": {
        "lastModified": 1633514407,
        "narHash": "sha256-Dw32tiMjdK9t3ETl5fzGrutQTzh2rufgZV4A/BbxuD4=",
        "owner": "kristapsdz",
        "repo": "lowdown",
        "rev": "d2c2b44ff6c27b936ec27358a2653caaef8f73b8",
        "type": "github"
      },
      "original": {
        "owner": "kristapsdz",
        "repo": "lowdown",
        "type": "github"
      }
    },
    "lufa": {
      "flake": false,
      "locked": {
        "lastModified": 1630764587,
        "narHash": "sha256-8KOBLQbd5107t8849Unir8KTxNoV2OGRlD/R8tBXhbc=",
        "owner": "qmk",
        "repo": "lufa",
        "rev": "d6df70b8b691390865878f2a3a66bf3da84fe138",
        "type": "github"
      },
      "original": {
        "owner": "qmk",
        "repo": "lufa",
        "type": "github"
      }
    },
    "mach-nix": {
      "inputs": {
        "flake-utils": [
          "hob",
          "flake-utils"
        ],
        "nixpkgs": [
          "hob",
          "nixpkgs"
        ],
        "pypi-deps-db": "pypi-deps-db"
      },
      "locked": {
        "lastModified": 1662635943,
        "narHash": "sha256-1OBBlBzZ894or8eHZjyADOMnGH89pPUKYGVVS5rwW/0=",
        "owner": "DavHau",
        "repo": "mach-nix",
        "rev": "65266b5cc867fec2cb6a25409dd7cd12251f6107",
        "type": "github"
      },
      "original": {
        "owner": "DavHau",
        "repo": "mach-nix",
        "type": "github"
      }
    },
    "maisiliym": {
      "locked": {
        "lastModified": 1667554310,
        "narHash": "sha256-VjP9JOzAH3P6eqwfyaCkpjcsqMqZE6PAUPw8os3jgGw=",
        "owner": "LiGoldragon",
        "repo": "maisiliym",
        "rev": "1d75e32fc396fb6e3abbfbfaeaed64c721e47b0e",
        "type": "github"
      },
      "original": {
        "owner": "LiGoldragon",
        "repo": "maisiliym",
        "type": "github"
      }
    },
    "mfgtools": {
      "flake": false,
      "locked": {
        "lastModified": 1661970492,
        "narHash": "sha256-DVQGnezW92lNHOSvkK7zOl5VMYUAtVpPXUlPJTKBSRY=",
        "owner": "NXPmicro",
        "repo": "mfgtools",
        "rev": "c0541c8c053b168118e7819d005a05c890306a7c",
        "type": "github"
      },
      "original": {
        "owner": "NXPmicro",
        "repo": "mfgtools",
        "type": "github"
      }
    },
    "mkDatom": {
      "flake": false,
      "locked": {
        "lastModified": 1,
        "narHash": "sha256-MskTsVv1kbtAEDn2NS3NdInbFrjivKaOWLM5pH0tRv4=",
        "path": "./nix/mkDatom",
        "type": "path"
      },
      "original": {
        "path": "./nix/mkDatom",
        "type": "path"
      }
    },
    "mkKriomDatom": {
      "flake": false,
      "locked": {
        "lastModified": 1,
        "narHash": "sha256-TKS5VGJiBVt0wZAW1Vf88vpmCEZPV1gX3ZDCw/or3dE=",
        "path": "./nix/mkKriomDatom",
        "type": "path"
      },
      "original": {
        "path": "./nix/mkKriomDatom",
        "type": "path"
      }
    },
    "mkKrioniks": {
      "flake": false,
      "locked": {
        "lastModified": 1,
        "narHash": "sha256-F5wqULYVcZ4+fOZwfbWBuAGzHRP3ChraDW5r1PIMWUU=",
        "path": "./nix/mkKrioniks",
        "type": "path"
      },
      "original": {
        "path": "./nix/mkKrioniks",
        "type": "path"
      }
    },
    "mkKriosfir": {
      "flake": false,
      "locked": {
        "lastModified": 1,
        "narHash": "sha256-Lt8guDy+pTqsfvcKHHSZIZhcHcUiQVwNJ0kjDxQ6+wU=",
        "path": "./nix/mkKriosfir",
        "type": "path"
      },
      "original": {
        "path": "./nix/mkKriosfir",
        "type": "path"
      }
    },
    "mkKriozonz": {
      "flake": false,
      "locked": {
        "lastModified": 1,
        "narHash": "sha256-li2xef3eYc5JC1phvHWU+/dmAkd5rHgM7MpFYBW2B8U=",
        "path": "./nix/mkKriozonz",
        "type": "path"
      },
      "original": {
        "path": "./nix/mkKriozonz",
        "type": "path"
      }
    },
    "mkPkgs": {
      "flake": false,
      "locked": {
        "lastModified": 1,
        "narHash": "sha256-g6yv1zM5wP3AbgQBv31tVjoPEftk0ohow/dFjiCrNds=",
        "path": "./nix/mkPkgs",
        "type": "path"
      },
      "original": {
        "path": "./nix/mkPkgs",
        "type": "path"
      }
    },
    "mkUyrld": {
      "flake": false,
      "locked": {
        "lastModified": 1,
        "narHash": "sha256-IluSN3VaTjut71hqLYeBYh3gzOeAGjYUm0fdTLg5Cls=",
        "path": "./nix/mkUyrld",
        "type": "path"
      },
      "original": {
        "path": "./nix/mkUyrld",
        "type": "path"
      }
    },
    "mkWebpage": {
      "flake": false,
      "locked": {
        "lastModified": 1,
        "narHash": "sha256-7C66n3cBNTDvQM8TS0dVWjIkI+Cbi24c4e6ZMDBLf5E=",
        "path": "./mkWebpage",
        "type": "path"
      },
      "original": {
        "path": "./mkWebpage",
        "type": "path"
      }
    },
    "mkZolaWebsite": {
      "locked": {
        "lastModified": 1667284711,
        "narHash": "sha256-4U5b+VrV51VCfnrokIrbiAQiZeIyQSE+fZPeTg/6ETs=",
        "owner": "sajban",
        "repo": "mkZolaWebsite",
        "rev": "2d6329c9c886b3708944afbc9a9877079b86f52d",
        "type": "github"
      },
      "original": {
        "owner": "sajban",
        "repo": "mkZolaWebsite",
        "type": "github"
      }
    },
    "naersk": {
      "flake": false,
      "locked": {
        "lastModified": 1662220400,
        "narHash": "sha256-9o2OGQqu4xyLZP9K6kNe1pTHnyPz0Wr3raGYnr9AIgY=",
        "owner": "nmattia",
        "repo": "naersk",
        "rev": "6944160c19cb591eb85bbf9b2f2768a935623ed3",
        "type": "github"
      },
      "original": {
        "owner": "nmattia",
        "repo": "naersk",
        "type": "github"
      }
    },
    "neksysNames": {
      "flake": false,
      "locked": {
        "lastModified": 1,
        "narHash": "sha256-Ke2gO8czqFCqrS1ZSDpkVm6urz33rizSG8mJX+SQzFI=",
        "path": "./nix/neksysNames",
        "type": "path"
      },
      "original": {
        "path": "./nix/neksysNames",
        "type": "path"
      }
    },
    "netresolve": {
      "flake": false,
      "locked": {
        "lastModified": 1643496191,
        "narHash": "sha256-xv0kI6jeRO8wQVs7XhUZrwSTaCycyp2bVkoZ/aoBX8w=",
        "owner": "crossdistro",
        "repo": "netresolve",
        "rev": "d40f1541447a99f4693e5f7d464720b31ee01351",
        "type": "github"
      },
      "original": {
        "owner": "crossdistro",
        "repo": "netresolve",
        "type": "github"
      }
    },
    "nix": {
      "inputs": {
        "lowdown-src": "lowdown-src",
        "nixpkgs": [
          "hob",
          "nixpkgs"
        ],
        "nixpkgs-regression": [
          "hob",
          "nixpkgs"
        ]
      },
      "locked": {
        "lastModified": 1663329050,
        "narHash": "sha256-t+FkQcO0yWPhLjx/oUjmreIcMUc/lf8t5ne8QQm16PA=",
        "owner": "NixOS",
        "repo": "nix",
        "rev": "a38a55babee876dc9392a2abc3c42768a40f24db",
        "type": "github"
      },
      "original": {
        "owner": "NixOS",
        "repo": "nix",
        "type": "github"
      }
    },
    "nixpkgs": {
      "locked": {
        "lastModified": 1663416989,
        "narHash": "sha256-pIk7ibJJZOGKc1BW0jsaGkgQCWQWNuFkdypnzzt2Puo=",
        "owner": "sajban",
        "repo": "nixpkgs",
        "rev": "5870529a0d5d67b67671c44086efe2856623b1d8",
        "type": "github"
      },
      "original": {
        "owner": "sajban",
        "ref": "itsBedTime",
        "repo": "nixpkgs",
        "type": "github"
      }
    },
    "nixpkgs-mozilla": {
      "flake": false,
      "locked": {
        "lastModified": 1657214286,
        "narHash": "sha256-rO/4oymKXU09wG2bcTt4uthPCp1XsBZjxuCJo3yVXNs=",
        "owner": "mozilla",
        "repo": "nixpkgs-mozilla",
        "rev": "0508a66e28a5792fdfb126bbf4dec1029c2509e0",
        "type": "github"
      },
      "original": {
        "owner": "mozilla",
        "repo": "nixpkgs-mozilla",
        "type": "github"
      }
    },
    "open-color": {
      "flake": false,
      "locked": {
        "lastModified": 1629218875,
        "narHash": "sha256-wOhDbE3yS9ZSJnHdBd5ySDksyWXqjqdvZ3V5jWAFSZ0=",
        "owner": "yeun",
        "repo": "open-color",
        "rev": "0180ac6a4cbff62c5f9bb23d9dd6b1559d5f8c46",
        "type": "github"
      },
      "original": {
        "owner": "yeun",
        "repo": "open-color",
        "type": "github"
      }
    },
    "org-remark": {
      "flake": false,
      "locked": {
        "lastModified": 1658175402,
        "narHash": "sha256-hPjbWf6XoGEeRoIlYHOdZua/34dAcsSDVizF9HQzVfI=",
        "owner": "nobiot",
        "repo": "org-remark",
        "rev": "94d775694969a9a25635e6e55085f6ae0cc6571e",
        "type": "github"
      },
      "original": {
        "owner": "nobiot",
        "repo": "org-remark",
        "type": "github"
      }
    },
    "page-bird-uniks": {
      "flake": false,
      "locked": {
        "lastModified": 1646716783,
        "narHash": "sha256-L4H38uuT2iZocNBq/qfu9rnKblCHEf11bDRVqXXyacs=",
        "owner": "laif-zone",
        "repo": "bird",
        "rev": "d6fe512275a40bdc4aa25670127d22f6a2fb2e68",
        "type": "github"
      },
      "original": {
        "owner": "laif-zone",
        "repo": "bird",
        "type": "github"
      }
    },
    "page-maisiliym-uniks": {
      "flake": false,
      "locked": {
        "lastModified": 1646627294,
        "narHash": "sha256-w5r7X7KoXGEexE3UzGUSjZCLRCS1zAnkAewhUEuo7GE=",
        "owner": "maisiliym",
        "repo": "page.maisiliym.uniks",
        "rev": "98a89d9619937a3f2ac5666cc800722bbfa061af",
        "type": "github"
      },
      "original": {
        "owner": "maisiliym",
        "repo": "page.maisiliym.uniks",
        "type": "github"
      }
    },
    "pkdjz": {
      "flake": false,
      "locked": {
        "lastModified": 1,
        "narHash": "sha256-RUN9quB0ovJJJW1nrOqFwH2+aAPPmp94WHYQJc2H1xo=",
        "path": "./nix/pkdjz",
        "type": "path"
      },
      "original": {
        "path": "./nix/pkdjz",
        "type": "path"
      }
    },
    "pnpm2nix": {
      "flake": false,
      "locked": {
        "lastModified": 1643819446,
        "narHash": "sha256-FdP9KwevnpiG2a/qSDweFj9ovmCyGPpxr74DBcmkxcs=",
        "owner": "LavaDesu",
        "repo": "pnpm2nix",
        "rev": "cc84a5dbb74e5ac6ece88965e52a48e719d36a24",
        "type": "github"
      },
      "original": {
        "owner": "LavaDesu",
        "ref": "next",
        "repo": "pnpm2nix",
        "type": "github"
      }
    },
    "postcss-scss": {
      "flake": false,
      "locked": {
        "lastModified": 1663176930,
        "narHash": "sha256-+78FVzPwMY6G0Ozgzs1mZrRDXDPT3iMpXf1WOrFLtuI=",
        "owner": "postcss",
        "repo": "postcss-scss",
        "rev": "a6b9b90ff911a4520ddf5a8a2a5e8ab23026bb92",
        "type": "github"
      },
      "original": {
        "owner": "postcss",
        "repo": "postcss-scss",
        "type": "github"
      }
    },
    "printf": {
      "flake": false,
      "locked": {
        "lastModified": 1577899008,
        "narHash": "sha256-uLN9MtmL/6aE+TRRM0OFcL1xi4gGQNFvooEJkiVIabU=",
        "owner": "qmk",
        "repo": "printf",
        "rev": "d3b984684bb8a8bdc48cc7a1abecb93ce59bbe3e",
        "type": "github"
      },
      "original": {
        "owner": "qmk",
        "repo": "printf",
        "type": "github"
      }
    },
    "pueue-el": {
      "inputs": {
        "eldev": "eldev",
        "emacs-overlay": [
          "hob",
          "emacs-overlay"
        ],
        "nixpkgs": [
          "hob",
          "nixpkgs"
        ]
      },
      "locked": {
        "lastModified": 1663246167,
        "narHash": "sha256-RbYeiF8pKFzkzfyxoqyA11D85x8JAbD5ui0eKDwTAPc=",
        "owner": "xFA25E",
        "repo": "pueue",
        "rev": "169ffd565462cb72eaff0b376d1f37c81a4b5fbb",
        "type": "github"
      },
      "original": {
        "owner": "xFA25E",
        "repo": "pueue",
        "type": "github"
      }
    },
    "pypi-deps-db": {
      "flake": false,
      "locked": {
        "lastModified": 1661155889,
        "narHash": "sha256-t00mBTZhmZBT4jteO6pJbU0wyRS6/ep4pKmQNeztEms=",
        "owner": "DavHau",
        "repo": "pypi-deps-db",
        "rev": "49c620f3de2b557c9d5c44f58a00fee59f27d1b0",
        "type": "github"
      },
      "original": {
        "owner": "DavHau",
        "repo": "pypi-deps-db",
        "type": "github"
      }
    },
    "ql2nix": {
      "flake": false,
      "locked": {
        "lastModified": 1628619956,
        "narHash": "sha256-OGIE+0ZYnd5u6+LQYW68ayMzyvgcssoO0FWsh4/HPe8=",
        "owner": "SquircleSpace",
        "repo": "ql2nix",
        "rev": "39cbd136b656c31717248b8527a55aeff5404cb6",
        "type": "github"
      },
      "original": {
        "owner": "SquircleSpace",
        "repo": "ql2nix",
        "type": "github"
      }
    },
    "qmk_firmware": {
      "flake": false,
      "locked": {
        "lastModified": 1600364742,
        "narHash": "sha256-HB/hlkWtdITfrPiwM97svvyEgK3PaMisO34UTURbpxs=",
        "owner": "qmk",
        "repo": "qmk_firmware",
        "rev": "bc15c4f4ab81c1e2950dfc1c38cf86dc626573c9",
        "type": "github"
      },
      "original": {
        "owner": "qmk",
        "repo": "qmk_firmware",
        "rev": "bc15c4f4ab81c1e2950dfc1c38cf86dc626573c9",
        "type": "github"
      }
    },
    "reseter-css": {
      "flake": false,
      "locked": {
        "lastModified": 1638941869,
        "narHash": "sha256-Co0rALTVN4rQfCHe2dAVWpSChRlZ/O0gxRR/vunzZsE=",
        "owner": "resetercss",
        "repo": "reseter.css",
        "rev": "69e80080dbadcbfb812c068fc12ba6bad26b7b78",
        "type": "github"
      },
      "original": {
        "owner": "resetercss",
        "repo": "reseter.css",
        "type": "github"
      }
    },
    "ron-vim": {
      "flake": false,
      "locked": {
        "lastModified": 1660904719,
        "narHash": "sha256-8/xJmymtVGVz2avzlamgK1cNflZ3NRL+B3c7xxbI964=",
        "owner": "ron-rs",
        "repo": "ron.vim",
        "rev": "f749e543975a82e8dd9a6e7df9600a1c098ae800",
        "type": "github"
      },
      "original": {
        "owner": "ron-rs",
        "repo": "ron.vim",
        "type": "github"
      }
    },
    "root": {
      "inputs": {
        "AskiCoreNiks": "AskiCoreNiks",
        "AskiDefaultBuilder": "AskiDefaultBuilder",
        "AskiNiks": "AskiNiks",
        "files": "files",
        "hob": "hob",
        "homeModule": "homeModule",
        "kor": "kor",
        "mkDatom": "mkDatom",
        "mkKriomDatom": "mkKriomDatom",
        "mkKrioniks": "mkKrioniks",
        "mkKriosfir": "mkKriosfir",
        "mkKriozonz": "mkKriozonz",
        "mkPkgs": "mkPkgs",
        "mkUyrld": "mkUyrld",
        "mkWebpage": "mkWebpage",
        "neksysNames": "neksysNames",
        "pkdjz": "pkdjz",
        "tests": "tests"
      }
    },
    "rust-analyzer-src": {
      "flake": false,
      "locked": {
        "lastModified": 1662896065,
        "narHash": "sha256-1LkSsXzI1JTAmP/GMTz4fTJd8y/tw8R79l96q+h7mu8=",
        "owner": "rust-lang",
        "repo": "rust-analyzer",
        "rev": "2e9f1204ca01c3e20898d4a67c8b84899d394a88",
        "type": "github"
      },
      "original": {
        "owner": "rust-lang",
        "ref": "nightly",
        "repo": "rust-analyzer",
        "type": "github"
      }
    },
    "sajban": {
      "flake": false,
      "locked": {
        "lastModified": 1648272784,
        "narHash": "sha256-H6TISlbmulEbP3p2XW6Yi6oROqmGPuqlQb2HFw60J88=",
        "owner": "sajban",
        "repo": "sajban",
        "rev": "c68b4a1c788c546eb4c5b387d82b06afde2df21a",
        "type": "github"
      },
      "original": {
        "owner": "sajban",
        "repo": "sajban",
        "type": "github"
      }
    },
    "seahawk": {
      "locked": {
        "lastModified": 1667373205,
        "narHash": "sha256-6Uk1fgv0p8bTdnTPqBAoFHvfHkE6DiITRlpPuHJqacs=",
        "owner": "sajban",
        "repo": "seahawk",
        "rev": "b0da7be1ab2eee592db9de192288b8dc2850dd3a",
        "type": "github"
      },
      "original": {
        "owner": "sajban",
        "repo": "seahawk",
        "type": "github"
      }
    },
    "seahawkWebsite": {
      "flake": false,
      "locked": {
        "lastModified": 1667372545,
        "narHash": "sha256-UgsZoRhoCNXm+IVJd/X3WHMMhPqNnB7shiMZIM5u8uA=",
        "owner": "AnaSeahawk",
        "repo": "website",
        "rev": "eda73662fdcdf3feec199ef6ea98458eda2bfc8a",
        "type": "github"
      },
      "original": {
        "owner": "AnaSeahawk",
        "repo": "website",
        "type": "github"
      }
    },
    "shen": {
      "flake": false,
      "locked": {
        "lastModified": 1642569955,
        "narHash": "sha256-FVFoYeQJQjKIVWND6RdqwV++/F7u84u7KOn1QZeRzTM=",
        "owner": "sajban",
        "repo": "shen",
        "rev": "0a5286bb99b27a89664f8944fbb1eb104d812a61",
        "type": "github"
      },
      "original": {
        "owner": "sajban",
        "repo": "shen",
        "type": "github"
      }
    },
    "shen-mode": {
      "flake": false,
      "locked": {
        "lastModified": 1534468598,
        "narHash": "sha256-hztzOrGopA5nAF6F81l+ZsJQx+UTbHubZpRzfdEPIQI=",
        "owner": "NHALX",
        "repo": "shen-mode",
        "rev": "43726db15c2a75dc6fe02eb215561f0a80f0f61c",
        "type": "github"
      },
      "original": {
        "owner": "NHALX",
        "repo": "shen-mode",
        "type": "github"
      }
    },
    "skrips": {
      "locked": {
        "lastModified": 1662776669,
        "narHash": "sha256-a7ZsXP4OUmXkrYRmjmyZDko+caT//AHplFuy+MNL8/k=",
        "owner": "maisiliym",
        "repo": "skrips",
        "rev": "2fbe2694a117b9c9ae5f255ad5a5c986ee60fde6",
        "type": "github"
      },
      "original": {
        "owner": "maisiliym",
        "repo": "skrips",
        "type": "github"
      }
    },
    "staticSbcl": {
      "flake": false,
      "locked": {
        "lastModified": 1641230582,
        "narHash": "sha256-If/Ps7u0v5CdTNkS0FHZpFg9kP7JjzpnuwnaQS0OkEI=",
        "owner": "daewok",
        "repo": "sbcl",
        "rev": "cf151181ef34a8a08802611d51a0566b7a7aa1ec",
        "type": "github"
      },
      "original": {
        "owner": "daewok",
        "ref": "static-executable-v2",
        "repo": "sbcl",
        "type": "github"
      }
    },
    "tera-mode": {
      "flake": false,
      "locked": {
        "lastModified": 1649325036,
        "narHash": "sha256-E5RsNmBvhZgizBM4n1PX22qRrEw7LNGg+TFVi34P0ec=",
        "owner": "svavs",
        "repo": "tera-mode",
        "rev": "cf3e9a2d86853eb2162b8c2160cdf57d7ca6a442",
        "type": "github"
      },
      "original": {
        "owner": "svavs",
        "repo": "tera-mode",
        "type": "github"
      }
    },
    "tests": {
      "flake": false,
      "locked": {
        "lastModified": 1,
        "narHash": "sha256-rK3VaaX/2TQjeC1dmntQiZdG0nxPGGl7MHanhLbdtp4=",
        "path": "./nix/tests",
        "type": "path"
      },
      "original": {
        "path": "./nix/tests",
        "type": "path"
      }
    },
    "toodoo-el": {
      "flake": false,
      "locked": {
        "lastModified": 1647324063,
        "narHash": "sha256-qG93vX8TBd+4WIkAAciTknWrgX87XmNqkgPQCapXBwM=",
        "owner": "ChanderG",
        "repo": "toodoo.el",
        "rev": "149a563863c2f728c5f903475dbce50547c51000",
        "type": "github"
      },
      "original": {
        "owner": "ChanderG",
        "repo": "toodoo.el",
        "type": "github"
      }
    },
    "uGFX": {
      "flake": false,
      "locked": {
        "lastModified": 1578814645,
        "narHash": "sha256-ADuZ2SnWbLZ7lK6G3Zy2jxcpm5AuQ2M92sP5+caxh54=",
        "owner": "qmk",
        "repo": "uGFX",
        "rev": "40b48f470addad6a4fb1177de1a69a181158739b",
        "type": "github"
      },
      "original": {
        "owner": "qmk",
        "repo": "uGFX",
        "type": "github"
      }
    },
    "v-usb": {
      "flake": false,
      "locked": {
        "lastModified": 1597536441,
        "narHash": "sha256-TMX0BowFBzQtS+7I86bwYsCl0qFrxmFbTvOLEqhDwjY=",
        "owner": "qmk",
        "repo": "v-usb",
        "rev": "bdb53e4c043d089279d9891b68bea77614cb97ee",
        "type": "github"
      },
      "original": {
        "owner": "qmk",
        "repo": "v-usb",
        "type": "github"
      }
    },
    "xah-fly-keys": {
      "flake": false,
      "locked": {
        "lastModified": 1663385508,
        "narHash": "sha256-JBbXvbZtDGqTa7vISCknGMb/PWK+3LWuhTObEA44Ox0=",
        "owner": "xahlee",
        "repo": "xah-fly-keys",
        "rev": "b3746d9f81bb7a874b15b66de86ffd573b5762a6",
        "type": "github"
      },
      "original": {
        "owner": "xahlee",
        "repo": "xah-fly-keys",
        "type": "github"
      }
    }
  },
  "root": "root",
  "version": 7
}
