{
  "nodes": {
    "AskiCore": {
      "flake": false,
      "locked": {
        "lastModified": 1,
        "narHash": "sha256-ZLyzoJbXHpV/z9rYycbCSVZvdi8yCoHUXz2P9ALVZ0I=",
        "path": "./AskiCore",
        "type": "path"
      },
      "original": {
        "path": "./AskiCore",
        "type": "path"
      }
    },
    "AskiCoreFleik": {
      "flake": false,
      "locked": {
        "lastModified": 1,
        "narHash": "sha256-qOqDilUpjJVRGHaJqTIO2Y5eJaIQuGE0frZC9ZcZyNc=",
        "path": "./AskiCoreFleik",
        "type": "path"
      },
      "original": {
        "path": "./AskiCoreFleik",
        "type": "path"
      }
    },
    "AskiCoreNiks": {
      "flake": false,
      "locked": {
        "lastModified": 1,
        "narHash": "sha256-w0lewzQZ2ClGmTuarwscVi4qjIDL2mGXJ7aIP5QkLQU=",
        "path": "./AskiCoreNiks",
        "type": "path"
      },
      "original": {
        "path": "./AskiCoreNiks",
        "type": "path"
      }
    },
    "AskiDefaultBuilder": {
      "flake": false,
      "locked": {
        "lastModified": 1,
        "narHash": "sha256-dMQ4qUC2aFkZrM88zvxdiu/tdOOakETGTVOuL9/N2yI=",
        "path": "./AskiDefaultBuilder",
        "type": "path"
      },
      "original": {
        "path": "./AskiDefaultBuilder",
        "type": "path"
      }
    },
    "AskiNiks": {
      "flake": false,
      "locked": {
        "lastModified": 1,
        "narHash": "sha256-Zpw5k0lpafxdko9NdW8Yyakghx1ijMnG1wS3FjyQZuM=",
        "path": "./AskiNiks",
        "type": "path"
      },
      "original": {
        "path": "./AskiNiks",
        "type": "path"
      }
    },
    "ChibiOS": {
      "flake": false,
      "locked": {
        "lastModified": 1613226400,
        "narHash": "sha256-yfEbgFN1scjDtza2L5s4QnxrlFjpnKDYBM7Ak7WP4QU=",
        "owner": "qmk",
        "repo": "ChibiOS",
        "rev": "413e39c5681d181720440f2a8b7391f581788d7b",
        "type": "github"
      },
      "original": {
        "owner": "qmk",
        "repo": "ChibiOS",
        "type": "github"
      }
    },
    "ChibiOS-Contrib": {
      "flake": false,
      "locked": {
        "lastModified": 1630157004,
        "narHash": "sha256-mjILJeNdmn6iDMRUjgQh4Wz7We77TC1QmUgAdK220T8=",
        "owner": "qmk",
        "repo": "ChibiOS-Contrib",
        "rev": "4568901a91e9bef78ea96a7a83e8150fe1f7353a",
        "type": "github"
      },
      "original": {
        "owner": "qmk",
        "repo": "ChibiOS-Contrib",
        "type": "github"
      }
    },
    "FTerm-nvim": {
      "flake": false,
      "locked": {
        "lastModified": 1650553172,
        "narHash": "sha256-HkQeREnAtFm0pwFNKREfgixVABTc1AJY/sNizS2J1Jo=",
        "owner": "numToStr",
        "repo": "FTerm.nvim",
        "rev": "11ec9290389d22215df93e1c9c35f782c5ceec4a",
        "type": "github"
      },
      "original": {
        "owner": "numToStr",
        "repo": "FTerm.nvim",
        "type": "github"
      }
    },
    "KLambdaBootstrap": {
      "flake": false,
      "locked": {
        "lastModified": 1,
        "narHash": "sha256-rusyGaan8eDqlEc7zmxMdYDoO4OKoPllC5juxP2qnko=",
        "path": "./KLambdaBootstrap",
        "type": "path"
      },
      "original": {
        "path": "./KLambdaBootstrap",
        "type": "path"
      }
    },
    "LispCore": {
      "flake": false,
      "locked": {
        "lastModified": 1,
        "narHash": "sha256-aebErJ/qYHaE/cdnWPwj3Kx3isN94bYKA8Jo//NJ42A=",
        "path": "./LispCore",
        "type": "path"
      },
      "original": {
        "path": "./LispCore",
        "type": "path"
      }
    },
    "LispCorePrimitives": {
      "flake": false,
      "locked": {
        "lastModified": 1,
        "narHash": "sha256-buCczYUZ0biupPUUYgc36PsVVetu9NbsuLWnYJJgR9M=",
        "path": "./LispCorePrimitives",
        "type": "path"
      },
      "original": {
        "path": "./LispCorePrimitives",
        "type": "path"
      }
    },
    "LispExtendedPrimitives": {
      "flake": false,
      "locked": {
        "lastModified": 1,
        "narHash": "sha256-NsHHXvXLTUtkAOTSuiIqf0Li4XG9cJSgWxmb8izi3Nc=",
        "path": "./LispExtendedPrimitives",
        "type": "path"
      },
      "original": {
        "path": "./LispExtendedPrimitives",
        "type": "path"
      }
    },
    "ShenAski": {
      "flake": false,
      "locked": {
        "lastModified": 1,
        "narHash": "sha256-Icqb70Hiz6P0lypMk1pFi9tc2u6vj6fV/kaqZeXLkYk=",
        "path": "./ShenAski",
        "type": "path"
      },
      "original": {
        "path": "./ShenAski",
        "type": "path"
      }
    },
    "ShenCore": {
      "flake": false,
      "locked": {
        "lastModified": 1,
        "narHash": "sha256-NNMP9dh4BTdPx4W8mnhTCDvCoVYUXnhDFFUHDYU/z1M=",
        "path": "./ShenCore",
        "type": "path"
      },
      "original": {
        "path": "./ShenCore",
        "type": "path"
      }
    },
    "ShenCoreBootstrap": {
      "flake": false,
      "locked": {
        "lastModified": 1,
        "narHash": "sha256-P6muYTBiw/wwqN5HE3BqBvkbYDpjZ/HRyZ7ME2TbCOY=",
        "path": "./ShenCoreBootstrap",
        "type": "path"
      },
      "original": {
        "path": "./ShenCoreBootstrap",
        "type": "path"
      }
    },
    "ShenCoreTests": {
      "flake": false,
      "locked": {
        "lastModified": 1,
        "narHash": "sha256-EbT8PfeWjkLIutpLuDQyLO9FiQyqP5i0BsvCo06zl7I=",
        "path": "./ShenCoreTests",
        "type": "path"
      },
      "original": {
        "path": "./ShenCoreTests",
        "type": "path"
      }
    },
    "ShenExtended": {
      "flake": false,
      "locked": {
        "lastModified": 1,
        "narHash": "sha256-0XpXnv70oWPwZ6F1qV5SjPjef7BfrvsnY1ED5kfmpUU=",
        "path": "./ShenExtended",
        "type": "path"
      },
      "original": {
        "path": "./ShenExtended",
        "type": "path"
      }
    },
    "ShenExtendedBootstrap": {
      "flake": false,
      "locked": {
        "lastModified": 1,
        "narHash": "sha256-s9GegX9q30AGIohEH4Q04wXzJi8krBiqE4XSgjs6UeY=",
        "path": "./ShenExtendedBootstrap",
        "type": "path"
      },
      "original": {
        "path": "./ShenExtendedBootstrap",
        "type": "path"
      }
    },
    "ShenExtendedTests": {
      "flake": false,
      "locked": {
        "lastModified": 1,
        "narHash": "sha256-9b0mPdxzcmyjfuMOVvjwd7/JCeikF8OGqDiKL4KApk0=",
        "path": "./ShenExtendedTests",
        "type": "path"
      },
      "original": {
        "path": "./ShenExtendedTests",
        "type": "path"
      }
    },
    "astronauta-nvim": {
      "flake": false,
      "locked": {
        "lastModified": 1641501988,
        "narHash": "sha256-i/MorTXafv0JtnIAG/mwm9XInjE/a0RpYDztpwOy0zo=",
        "owner": "tjdevries",
        "repo": "astronauta.nvim",
        "rev": "c8e33813c92ffcc9ba2edaf9124db1f3f17e3500",
        "type": "github"
      },
      "original": {
        "owner": "tjdevries",
        "repo": "astronauta.nvim",
        "type": "github"
      }
    },
    "base16-styles": {
      "flake": false,
      "locked": {
        "lastModified": 1493578694,
        "narHash": "sha256-cGezU4UofSHvx3ZeRU9JuV63jksxy0L9KzUO+uWfUt8=",
        "owner": "samme",
        "repo": "base16-styles",
        "rev": "8db4f00ca9e5575ba52d98a204ee44a53e13d546",
        "type": "github"
      },
      "original": {
        "owner": "samme",
        "repo": "base16-styles",
        "type": "github"
      }
    },
    "base16-theme": {
      "flake": false,
      "locked": {
        "lastModified": 1627871365,
        "narHash": "sha256-aW965K+aPJMH77EZT3K1mAyK08OUwodeCVhP2Adt3is=",
        "owner": "league",
        "repo": "base16-emacs",
        "rev": "5d03125650167527b8c13e45cc088d4d6bab5407",
        "type": "github"
      },
      "original": {
        "owner": "league",
        "repo": "base16-emacs",
        "type": "github"
      }
    },
    "crate2nix": {
      "flake": false,
      "locked": {
        "lastModified": 1650460722,
        "narHash": "sha256-jk4SZ8iOnfJEceVULjyOAq4MrX9CfU5bCWMyZP9nJVA=",
        "owner": "kolloch",
        "repo": "crate2nix",
        "rev": "78258f27fc3121562a44eb02c652a5ec77cf8d02",
        "type": "github"
      },
      "original": {
        "owner": "kolloch",
        "repo": "crate2nix",
        "type": "github"
      }
    },
    "dunst": {
      "flake": false,
      "locked": {
        "lastModified": 1652103830,
        "narHash": "sha256-hGsSPNODNPgGoZZAvAXo8OzFsOvn9bFwa0p1VMWfpTE=",
        "owner": "dunst-project",
        "repo": "dunst",
        "rev": "6c9f83bcdd8e9eb5d81c3f6c43e2dfa5afd72fe7",
        "type": "github"
      },
      "original": {
        "owner": "dunst-project",
        "repo": "dunst",
        "type": "github"
      }
    },
    "dwm-vim": {
      "flake": false,
      "locked": {
        "lastModified": 1391619473,
        "narHash": "sha256-9zwaz2/f8xQpTMjdUYjiEYy70826dQFOu+st1avhtkc=",
        "owner": "spolu",
        "repo": "dwm.vim",
        "rev": "6149e58fdd81f69e4e6a3f239842f3dc23e4872b",
        "type": "github"
      },
      "original": {
        "owner": "spolu",
        "repo": "dwm.vim",
        "type": "github"
      }
    },
    "emacs-overlay": {
      "inputs": {
        "flake-utils": "flake-utils",
        "nixpkgs": [
          "hob",
          "nixpkgs"
        ]
      },
      "locked": {
        "lastModified": 1652332826,
        "narHash": "sha256-rFR8zc81TlOcuHFWhm7hy1KIbRB2t6lzWVX4uS8xJPM=",
        "owner": "nix-community",
        "repo": "emacs-overlay",
        "rev": "e6ec42b61a1a151d1f7adec951138597448007e6",
        "type": "github"
      },
      "original": {
        "owner": "nix-community",
        "repo": "emacs-overlay",
        "type": "github"
      }
    },
    "ement-el": {
      "flake": false,
      "locked": {
        "lastModified": 1652299763,
        "narHash": "sha256-eKN1oRtM/M5Wd2P1zSAXbkqoUlodfwJw1JvyJVcdRNM=",
        "owner": "alphapapa",
        "repo": "ement.el",
        "rev": "5e4fe25b717019092c4726e9a4ac361e464aebfa",
        "type": "github"
      },
      "original": {
        "owner": "alphapapa",
        "repo": "ement.el",
        "type": "github"
      }
    },
    "express_line-nvim": {
      "flake": false,
      "locked": {
        "lastModified": 1638393272,
        "narHash": "sha256-1VwcjgN+YJMidHKVXGAb0e90TGGoCsCJ7oiHvzOtIdc=",
        "owner": "tjdevries",
        "repo": "express_line.nvim",
        "rev": "30f04edb9647d9ea7c08d0bdbfad33faf5bcda57",
        "type": "github"
      },
      "original": {
        "owner": "tjdevries",
        "repo": "express_line.nvim",
        "type": "github"
      }
    },
    "fenix": {
      "inputs": {
        "nixpkgs": [
          "hob",
          "nixpkgs"
        ],
        "rust-analyzer-src": "rust-analyzer-src"
      },
      "locked": {
        "lastModified": 1652337039,
        "narHash": "sha256-BXUqWLzK7GxuLu/eytN2z5lCX2mv95pbx3OpE+Wa8vw=",
        "owner": "nix-community",
        "repo": "fenix",
        "rev": "26f7a34feeb2cae057b98d499f92c20ce161440d",
        "type": "github"
      },
      "original": {
        "owner": "nix-community",
        "repo": "fenix",
        "type": "github"
      }
    },
    "firn": {
      "flake": false,
      "locked": {
        "lastModified": 1646303059,
        "narHash": "sha256-Ds5h9kg+8QkoJRNbCEMHkrCS91Z9G4spM58DX2SeacU=",
        "owner": "maisiliym",
        "repo": "firn",
        "rev": "546f2f4724297409be4beefec926c11456e96e4f",
        "type": "github"
      },
      "original": {
        "owner": "maisiliym",
        "ref": "main",
        "repo": "firn",
        "type": "github"
      }
    },
    "flake-compat": {
      "flake": false,
      "locked": {
        "lastModified": 1650374568,
        "narHash": "sha256-Z+s0J8/r907g149rllvwhb4pKi8Wam5ij0st8PwAh+E=",
        "owner": "edolstra",
        "repo": "flake-compat",
        "rev": "b4a34015c698c7793d592d66adbab377907a2be8",
        "type": "github"
      },
      "original": {
        "owner": "edolstra",
        "repo": "flake-compat",
        "type": "github"
      }
    },
    "flake-utils": {
      "locked": {
        "lastModified": 1649676176,
        "narHash": "sha256-OWKJratjt2RW151VUlJPRALb7OU2S5s+f0vLj4o1bHM=",
        "owner": "numtide",
        "repo": "flake-utils",
        "rev": "a4b154ebbdc88c8498a5c7b01589addc9e9cb678",
        "type": "github"
      },
      "original": {
        "owner": "numtide",
        "repo": "flake-utils",
        "type": "github"
      }
    },
    "flake-utils_2": {
      "locked": {
        "lastModified": 1649676176,
        "narHash": "sha256-OWKJratjt2RW151VUlJPRALb7OU2S5s+f0vLj4o1bHM=",
        "owner": "numtide",
        "repo": "flake-utils",
        "rev": "a4b154ebbdc88c8498a5c7b01589addc9e9cb678",
        "type": "github"
      },
      "original": {
        "owner": "numtide",
        "repo": "flake-utils",
        "type": "github"
      }
    },
    "googletest": {
      "flake": false,
      "locked": {
        "lastModified": 1627529225,
        "narHash": "sha256-VuOfUPwl3QHtxjGfWq2tjObutncRoOjEJoY1ET+4pNI=",
        "owner": "qmk",
        "repo": "googletest",
        "rev": "2d924d7a971e9667d76ad09727fb2402b4f8a1e3",
        "type": "github"
      },
      "original": {
        "owner": "qmk",
        "repo": "googletest",
        "type": "github"
      }
    },
    "hexdumpSrc": {
      "flake": false,
      "locked": {
        "lastModified": 1615171434,
        "narHash": "sha256-nQR61r37koQkN46vQyDFBTij7se9+z0xg89b90UkLIM=",
        "owner": "sarnold",
        "repo": "hexdump",
        "rev": "a1686f09a70091d6bbb1aa6f2f8a255db8fcb3cf",
        "type": "github"
      },
      "original": {
        "owner": "sarnold",
        "repo": "hexdump",
        "type": "github"
      }
    },
    "hob": {
      "inputs": {
        "FTerm-nvim": "FTerm-nvim",
        "astronauta-nvim": "astronauta-nvim",
        "base16-styles": "base16-styles",
        "base16-theme": "base16-theme",
        "crate2nix": "crate2nix",
        "dunst": "dunst",
        "dwm-vim": "dwm-vim",
        "emacs-overlay": "emacs-overlay",
        "ement-el": "ement-el",
        "express_line-nvim": "express_line-nvim",
        "fenix": "fenix",
        "firn": "firn",
        "flake-compat": "flake-compat",
        "flake-utils": "flake-utils_2",
        "home-manager": "home-manager",
        "jujutsu": "jujutsu",
        "kibord": "kibord",
        "librem5-flash-image": "librem5-flash-image",
        "mach-nix": "mach-nix",
        "maisiliym": "maisiliym",
        "mfgtools": "mfgtools",
        "naersk": "naersk",
        "netresolve": "netresolve",
        "nextNixpkgs": "nextNixpkgs",
        "nix": "nix",
        "nixpkgs": "nixpkgs",
        "nixpkgs-mozilla": "nixpkgs-mozilla",
        "nvim-base16-lua": "nvim-base16-lua",
        "nvim-cursorline": "nvim-cursorline",
        "org-remark": "org-remark",
        "page-bird-uniks": "page-bird-uniks",
        "page-maisiliym-uniks": "page-maisiliym-uniks",
        "pnpm2nix": "pnpm2nix",
        "postcss-scss": "postcss-scss",
        "ql2nix": "ql2nix",
        "reseter-css": "reseter-css",
        "ron-vim": "ron-vim",
        "sajban": "sajban",
        "shen": "shen",
        "shen-mode": "shen-mode",
        "skrips": "skrips",
        "species-el": "species-el",
        "staticSbcl": "staticSbcl",
        "tera-mode": "tera-mode",
        "tokei-vim": "tokei-vim",
        "toodoo-el": "toodoo-el",
        "vim-shen": "vim-shen",
        "xah-fly-keys": "xah-fly-keys",
        "zoxide-vim": "zoxide-vim"
      },
      "locked": {
        "lastModified": 1653650985,
        "narHash": "sha256-7gA1d4jb58sYa6kalPjhBVBmmQLTPReZfMpLUSeduRM=",
        "owner": "sajban",
        "repo": "hob",
        "rev": "2bb9a519faa6053b0d7e250c70573b8733b2b328",
        "type": "github"
      },
      "original": {
        "owner": "sajban",
        "ref": "eclipticPlane",
        "repo": "hob",
        "type": "github"
      }
    },
    "home-manager": {
      "flake": false,
      "locked": {
        "lastModified": 1652214259,
        "narHash": "sha256-kbribVik1m3SU6QNpZ3euybljqs0CEQ0lEEz7MN+u8U=",
        "owner": "nix-community",
        "repo": "home-manager",
        "rev": "f735a8502b098962ae965c2600c7be9f7711b814",
        "type": "github"
      },
      "original": {
        "owner": "nix-community",
        "repo": "home-manager",
        "type": "github"
      }
    },
    "jujutsu": {
      "inputs": {
        "nixpkgs": [
          "hob",
          "nixpkgs"
        ]
      },
      "locked": {
        "lastModified": 1648875883,
        "narHash": "sha256-DCWkk1286jH+E7wJ/DAET+QAnYONAXI9KWIT3sFMgDE=",
        "owner": "maisiliym",
        "repo": "jj",
        "rev": "2d244d11ee7489c5b9bf4f473c06ca05b93942e4",
        "type": "github"
      },
      "original": {
        "owner": "maisiliym",
        "repo": "jj",
        "type": "github"
      }
    },
    "kibord": {
      "inputs": {
        "ChibiOS": "ChibiOS",
        "ChibiOS-Contrib": "ChibiOS-Contrib",
        "googletest": "googletest",
        "hexdumpSrc": "hexdumpSrc",
        "kp_boot_32u4": "kp_boot_32u4",
        "lufa": "lufa",
        "printf": "printf",
        "qmk_firmware": "qmk_firmware",
        "uGFX": "uGFX",
        "v-usb": "v-usb"
      },
      "locked": {
        "lastModified": 1633595735,
        "narHash": "sha256-Sti1H21p/mCwJxsh8R4PYIx8F8fFX2axL5BGgLuiilY=",
        "owner": "maisiliym",
        "repo": "kibord",
        "rev": "02f3d7a9315d474bb8907a86cb8ab3e2de7e9643",
        "type": "github"
      },
      "original": {
        "owner": "maisiliym",
        "repo": "kibord",
        "type": "github"
      }
    },
    "kp_boot_32u4": {
      "flake": false,
      "locked": {
        "lastModified": 1559970181,
        "narHash": "sha256-wSqaTAgaW+6cu9F8F4Vvq/8ga7ADlTEz2Api/g7UXWk=",
        "owner": "ahtn",
        "repo": "kp_boot_32u4",
        "rev": "54e899e9b1a06bb310a2d72bf9cc3017a8513ea2",
        "type": "github"
      },
      "original": {
        "owner": "ahtn",
        "repo": "kp_boot_32u4",
        "type": "github"
      }
    },
    "librem5-flash-image": {
      "flake": false,
      "locked": {
        "host": "source.puri.sm",
        "lastModified": 1644562303,
        "narHash": "sha256-9kRFNcSWaH3KS3b/fQMRoFfUdxOCFzU+mF6SpWQqmR4=",
        "owner": "Librem5",
        "repo": "librem5-flash-image",
        "rev": "66b1d84b03eed0c71128e69b10613f2eb788b47c",
        "type": "gitlab"
      },
      "original": {
        "host": "source.puri.sm",
        "owner": "Librem5",
        "repo": "librem5-flash-image",
        "type": "gitlab"
      }
    },
    "lowdown-src": {
      "flake": false,
      "locked": {
        "lastModified": 1633514407,
        "narHash": "sha256-Dw32tiMjdK9t3ETl5fzGrutQTzh2rufgZV4A/BbxuD4=",
        "owner": "kristapsdz",
        "repo": "lowdown",
        "rev": "d2c2b44ff6c27b936ec27358a2653caaef8f73b8",
        "type": "github"
      },
      "original": {
        "owner": "kristapsdz",
        "repo": "lowdown",
        "type": "github"
      }
    },
    "lufa": {
      "flake": false,
      "locked": {
        "lastModified": 1630764587,
        "narHash": "sha256-8KOBLQbd5107t8849Unir8KTxNoV2OGRlD/R8tBXhbc=",
        "owner": "qmk",
        "repo": "lufa",
        "rev": "d6df70b8b691390865878f2a3a66bf3da84fe138",
        "type": "github"
      },
      "original": {
        "owner": "qmk",
        "repo": "lufa",
        "type": "github"
      }
    },
    "mach-nix": {
      "inputs": {
        "flake-utils": [
          "hob",
          "flake-utils"
        ],
        "nixpkgs": [
          "hob",
          "nixpkgs"
        ],
        "pypi-deps-db": "pypi-deps-db"
      },
      "locked": {
        "lastModified": 1650921294,
        "narHash": "sha256-UCAtw0VoZQBQ4TTBLswR+mXINT7oC/LPesrMw/ULPDE=",
        "owner": "DavHau",
        "repo": "mach-nix",
        "rev": "26f06e415a74dc10727cf9c9a40c83b635238900",
        "type": "github"
      },
      "original": {
        "owner": "DavHau",
        "repo": "mach-nix",
        "type": "github"
      }
    },
    "maisiliym": {
      "locked": {
        "lastModified": 1649928221,
        "narHash": "sha256-8qIkHc96GOd7IZW7vqFNsSwv+VsIKipiB8OusmwoSPA=",
        "owner": "maisiliym",
        "repo": "maisiliym",
        "rev": "55666139c30362e0998a0f55c7aae3fc8a37f8ad",
        "type": "github"
      },
      "original": {
        "owner": "maisiliym",
        "repo": "maisiliym",
        "type": "github"
      }
    },
    "mfgtools": {
      "flake": false,
      "locked": {
        "lastModified": 1651006824,
        "narHash": "sha256-C4CFkMc/gCmh46cKFSwsC7fR/3IbvS4RE6iKM7NzU1Y=",
        "owner": "NXPmicro",
        "repo": "mfgtools",
        "rev": "005ff6f7c63b3f2fbfc8c29761d97fda45bbe7c3",
        "type": "github"
      },
      "original": {
        "owner": "NXPmicro",
        "repo": "mfgtools",
        "type": "github"
      }
    },
    "mkWebpage": {
      "flake": false,
      "locked": {
        "lastModified": 1,
        "narHash": "sha256-Yxo6s2tzhF12JdMsywo6JCyk8zmHGJWsA670A4ztBG0=",
        "path": "./nix/pkdjz/mkWebpage/src",
        "type": "path"
      },
      "original": {
        "path": "./nix/pkdjz/mkWebpage/src",
        "type": "path"
      }
    },
    "naersk": {
      "flake": false,
      "locked": {
        "lastModified": 1651574473,
        "narHash": "sha256-wQhFORvRjo8LB2hTmETmv6cbyKGDPbfWqvZ/0chnDE4=",
        "owner": "nmattia",
        "repo": "naersk",
        "rev": "f21309b38e1da0d61b881b6b6d41b81c1aed4e1d",
        "type": "github"
      },
      "original": {
        "owner": "nmattia",
        "repo": "naersk",
        "type": "github"
      }
    },
    "netresolve": {
      "flake": false,
      "locked": {
        "lastModified": 1643496191,
        "narHash": "sha256-xv0kI6jeRO8wQVs7XhUZrwSTaCycyp2bVkoZ/aoBX8w=",
        "owner": "crossdistro",
        "repo": "netresolve",
        "rev": "d40f1541447a99f4693e5f7d464720b31ee01351",
        "type": "github"
      },
      "original": {
        "owner": "crossdistro",
        "repo": "netresolve",
        "type": "github"
      }
    },
    "nextNixpkgs": {
      "locked": {
        "lastModified": 1653635114,
        "narHash": "sha256-rPu6i7XKXw2d9iLHp+5J7VAtEztZ3h0oYMtnvE+obKg=",
        "owner": "sajban",
        "repo": "nixpkgs",
        "rev": "3a4ca363a64fbdc289e290f65aab71ba5a6b5f48",
        "type": "github"
      },
      "original": {
        "owner": "sajban",
        "ref": "hangingGarden",
        "repo": "nixpkgs",
        "type": "github"
      }
    },
    "nix": {
      "inputs": {
        "lowdown-src": "lowdown-src",
        "nixpkgs": [
          "hob",
          "nixpkgs"
        ],
        "nixpkgs-regression": "nixpkgs-regression"
      },
      "locked": {
        "lastModified": 1649138720,
        "narHash": "sha256-SwnV10Utjzg2BrwZApI3b+oHhrM6PoIDmLXUtojIdb8=",
        "owner": "sajban",
        "repo": "nix",
        "rev": "0cb81d070d657110c920578ce83f0eddd70d93a9",
        "type": "github"
      },
      "original": {
        "owner": "sajban",
        "repo": "nix",
        "type": "github"
      }
    },
    "nixpkgs": {
      "locked": {
        "lastModified": 1651483468,
        "narHash": "sha256-sofQ8eHECs6QmaiSPdJU1d7jtKd4ngsS/HpKeBtEd1M=",
        "owner": "sajban",
        "repo": "nixpkgs",
        "rev": "5441b2def7327f5b6340c79c61ad9b29ad0034c3",
        "type": "github"
      },
      "original": {
        "owner": "sajban",
        "ref": "eclipticPlane",
        "repo": "nixpkgs",
        "type": "github"
      }
    },
    "nixpkgs-mozilla": {
      "flake": false,
      "locked": {
        "lastModified": 1650459918,
        "narHash": "sha256-sroCK+QJTmoXtcRkwZyKOP9iAYOPID2Bwdxn4GkG16w=",
        "owner": "mozilla",
        "repo": "nixpkgs-mozilla",
        "rev": "e1f7540fc0a8b989fb8cf701dc4fd7fc76bcf168",
        "type": "github"
      },
      "original": {
        "owner": "mozilla",
        "repo": "nixpkgs-mozilla",
        "type": "github"
      }
    },
    "nixpkgs-regression": {
      "locked": {
        "lastModified": 1643052045,
        "narHash": "sha256-uGJ0VXIhWKGXxkeNnq4TvV3CIOkUJ3PAoLZ3HMzNVMw=",
        "owner": "NixOS",
        "repo": "nixpkgs",
        "rev": "215d4d0fd80ca5163643b03a33fde804a29cc1e2",
        "type": "github"
      },
      "original": {
        "id": "nixpkgs",
        "rev": "215d4d0fd80ca5163643b03a33fde804a29cc1e2",
        "type": "indirect"
      }
    },
    "nvim-base16-lua": {
      "flake": false,
      "locked": {
        "lastModified": 1571239580,
        "narHash": "sha256-uFpYeUfMMu3rJjxJZyyqFYAa2q2EcW2sSIBfP+vhb1g=",
        "owner": "norcalli",
        "repo": "nvim-base16.lua",
        "rev": "b336f40462b3ca1ad16a17c195b83731a2942d9a",
        "type": "github"
      },
      "original": {
        "owner": "norcalli",
        "repo": "nvim-base16.lua",
        "type": "github"
      }
    },
    "nvim-cursorline": {
      "flake": false,
      "locked": {
        "lastModified": 1650034925,
        "narHash": "sha256-Uhw65p1KBjs8KsVOmTzuiu3XKclxBob8AVdWEt30C/8=",
        "owner": "yamatsum",
        "repo": "nvim-cursorline",
        "rev": "804f0023692653b2b2368462d67d2a87056947f9",
        "type": "github"
      },
      "original": {
        "owner": "yamatsum",
        "repo": "nvim-cursorline",
        "type": "github"
      }
    },
    "org-remark": {
      "flake": false,
      "locked": {
        "lastModified": 1650805553,
        "narHash": "sha256-B44gEo4/vtxLydJF/E7i21MebhQWkxAdMaEPUgMzKCY=",
        "owner": "nobiot",
        "repo": "org-remark",
        "rev": "ca5b9b4de1442654f9403d4f096df899ce411313",
        "type": "github"
      },
      "original": {
        "owner": "nobiot",
        "repo": "org-remark",
        "type": "github"
      }
    },
    "page-bird-uniks": {
      "flake": false,
      "locked": {
        "lastModified": 1646716783,
        "narHash": "sha256-L4H38uuT2iZocNBq/qfu9rnKblCHEf11bDRVqXXyacs=",
        "owner": "laif-zone",
        "repo": "bird",
        "rev": "d6fe512275a40bdc4aa25670127d22f6a2fb2e68",
        "type": "github"
      },
      "original": {
        "owner": "laif-zone",
        "repo": "bird",
        "type": "github"
      }
    },
    "page-maisiliym-uniks": {
      "flake": false,
      "locked": {
        "lastModified": 1646627294,
        "narHash": "sha256-w5r7X7KoXGEexE3UzGUSjZCLRCS1zAnkAewhUEuo7GE=",
        "owner": "maisiliym",
        "repo": "page.maisiliym.uniks",
        "rev": "98a89d9619937a3f2ac5666cc800722bbfa061af",
        "type": "github"
      },
      "original": {
        "owner": "maisiliym",
        "repo": "page.maisiliym.uniks",
        "type": "github"
      }
    },
    "pnpm2nix": {
      "flake": false,
      "locked": {
        "lastModified": 1643819446,
        "narHash": "sha256-FdP9KwevnpiG2a/qSDweFj9ovmCyGPpxr74DBcmkxcs=",
        "owner": "LavaDesu",
        "repo": "pnpm2nix",
        "rev": "cc84a5dbb74e5ac6ece88965e52a48e719d36a24",
        "type": "github"
      },
      "original": {
        "owner": "LavaDesu",
        "ref": "next",
        "repo": "pnpm2nix",
        "type": "github"
      }
    },
    "postcss-scss": {
      "flake": false,
      "locked": {
        "lastModified": 1650827816,
        "narHash": "sha256-CZ2yRopM+DIrmXRh+BAhZg28MV8RP4dCBkPFGwsiW0Y=",
        "owner": "postcss",
        "repo": "postcss-scss",
        "rev": "298c6eb802222c411c9a008633c131da60e3b147",
        "type": "github"
      },
      "original": {
        "owner": "postcss",
        "repo": "postcss-scss",
        "type": "github"
      }
    },
    "printf": {
      "flake": false,
      "locked": {
        "lastModified": 1577899008,
        "narHash": "sha256-uLN9MtmL/6aE+TRRM0OFcL1xi4gGQNFvooEJkiVIabU=",
        "owner": "qmk",
        "repo": "printf",
        "rev": "d3b984684bb8a8bdc48cc7a1abecb93ce59bbe3e",
        "type": "github"
      },
      "original": {
        "owner": "qmk",
        "repo": "printf",
        "type": "github"
      }
    },
    "pypi-deps-db": {
      "flake": false,
      "locked": {
        "lastModified": 1643877077,
        "narHash": "sha256-jv8pIvRFTP919GybOxXE5TfOkrjTbdo9QiCO1TD3ZaY=",
        "owner": "DavHau",
        "repo": "pypi-deps-db",
        "rev": "da53397f0b782b0b18deb72ef8e0fb5aa7c98aa3",
        "type": "github"
      },
      "original": {
        "owner": "DavHau",
        "repo": "pypi-deps-db",
        "type": "github"
      }
    },
    "ql2nix": {
      "flake": false,
      "locked": {
        "lastModified": 1628619956,
        "narHash": "sha256-OGIE+0ZYnd5u6+LQYW68ayMzyvgcssoO0FWsh4/HPe8=",
        "owner": "SquircleSpace",
        "repo": "ql2nix",
        "rev": "39cbd136b656c31717248b8527a55aeff5404cb6",
        "type": "github"
      },
      "original": {
        "owner": "SquircleSpace",
        "repo": "ql2nix",
        "type": "github"
      }
    },
    "qmk_firmware": {
      "flake": false,
      "locked": {
        "lastModified": 1600364742,
        "narHash": "sha256-HB/hlkWtdITfrPiwM97svvyEgK3PaMisO34UTURbpxs=",
        "owner": "qmk",
        "repo": "qmk_firmware",
        "rev": "bc15c4f4ab81c1e2950dfc1c38cf86dc626573c9",
        "type": "github"
      },
      "original": {
        "owner": "qmk",
        "repo": "qmk_firmware",
        "rev": "bc15c4f4ab81c1e2950dfc1c38cf86dc626573c9",
        "type": "github"
      }
    },
    "reseter-css": {
      "flake": false,
      "locked": {
        "lastModified": 1638941869,
        "narHash": "sha256-Co0rALTVN4rQfCHe2dAVWpSChRlZ/O0gxRR/vunzZsE=",
        "owner": "resetercss",
        "repo": "reseter.css",
        "rev": "69e80080dbadcbfb812c068fc12ba6bad26b7b78",
        "type": "github"
      },
      "original": {
        "owner": "resetercss",
        "repo": "reseter.css",
        "type": "github"
      }
    },
    "ron-vim": {
      "flake": false,
      "locked": {
        "lastModified": 1598084238,
        "narHash": "sha256-lGX/2N9/E6o2KJF3zZrZvhJw2+/IcTXGTctkxqlGmfY=",
        "owner": "ron-rs",
        "repo": "ron.vim",
        "rev": "04004b3395d219f95a533c4badd5ba831b7b7c07",
        "type": "github"
      },
      "original": {
        "owner": "ron-rs",
        "repo": "ron.vim",
        "type": "github"
      }
    },
    "root": {
      "inputs": {
        "AskiCore": "AskiCore",
        "AskiCoreFleik": "AskiCoreFleik",
        "AskiCoreNiks": "AskiCoreNiks",
        "AskiDefaultBuilder": "AskiDefaultBuilder",
        "AskiNiks": "AskiNiks",
        "KLambdaBootstrap": "KLambdaBootstrap",
        "LispCore": "LispCore",
        "LispCorePrimitives": "LispCorePrimitives",
        "LispExtendedPrimitives": "LispExtendedPrimitives",
        "ShenAski": "ShenAski",
        "ShenCore": "ShenCore",
        "ShenCoreBootstrap": "ShenCoreBootstrap",
        "ShenCoreTests": "ShenCoreTests",
        "ShenExtended": "ShenExtended",
        "ShenExtendedBootstrap": "ShenExtendedBootstrap",
        "ShenExtendedTests": "ShenExtendedTests",
        "hob": "hob",
        "mkWebpage": "mkWebpage"
      }
    },
    "rust-analyzer-src": {
      "flake": false,
      "locked": {
        "lastModified": 1652265536,
        "narHash": "sha256-wQQtjprcVOzIb/2nt0K3glb/mDmQBAB9rFaYseqEuZ0=",
        "owner": "rust-lang",
        "repo": "rust-analyzer",
        "rev": "94fa8a6534cf93276ad7e205026402f24d41a0b2",
        "type": "github"
      },
      "original": {
        "owner": "rust-lang",
        "ref": "nightly",
        "repo": "rust-analyzer",
        "type": "github"
      }
    },
    "sajban": {
      "flake": false,
      "locked": {
        "lastModified": 1648272784,
        "narHash": "sha256-H6TISlbmulEbP3p2XW6Yi6oROqmGPuqlQb2HFw60J88=",
        "owner": "sajban",
        "repo": "sajban",
        "rev": "c68b4a1c788c546eb4c5b387d82b06afde2df21a",
        "type": "github"
      },
      "original": {
        "owner": "sajban",
        "repo": "sajban",
        "type": "github"
      }
    },
    "shen": {
      "flake": false,
      "locked": {
        "lastModified": 1642569955,
        "narHash": "sha256-FVFoYeQJQjKIVWND6RdqwV++/F7u84u7KOn1QZeRzTM=",
        "owner": "sajban",
        "repo": "shen",
        "rev": "0a5286bb99b27a89664f8944fbb1eb104d812a61",
        "type": "github"
      },
      "original": {
        "owner": "sajban",
        "repo": "shen",
        "type": "github"
      }
    },
    "shen-mode": {
      "flake": false,
      "locked": {
        "lastModified": 1534468598,
        "narHash": "sha256-hztzOrGopA5nAF6F81l+ZsJQx+UTbHubZpRzfdEPIQI=",
        "owner": "NHALX",
        "repo": "shen-mode",
        "rev": "43726db15c2a75dc6fe02eb215561f0a80f0f61c",
        "type": "github"
      },
      "original": {
        "owner": "NHALX",
        "repo": "shen-mode",
        "type": "github"
      }
    },
    "skrips": {
      "locked": {
        "lastModified": 1635561914,
        "narHash": "sha256-wgWoWDitbXwWwTUqyYUKg5qSdPxo4MVRKwFqCcX/bBU=",
        "owner": "maisiliym",
        "repo": "skrips",
        "rev": "90dd321650a52bab52460a7323b8af797cd1237b",
        "type": "github"
      },
      "original": {
        "owner": "maisiliym",
        "repo": "skrips",
        "type": "github"
      }
    },
    "species-el": {
      "flake": false,
      "locked": {
        "lastModified": 1641634832,
        "narHash": "sha256-t1t2U8JojvPA3YxwnfGwrTS+SIsMtfWHz9sAf06nbQU=",
        "owner": "sajban",
        "repo": "species.el",
        "rev": "4bd59648284f99950d2a0c43dcbcffb69a70e9e6",
        "type": "github"
      },
      "original": {
        "owner": "sajban",
        "repo": "species.el",
        "type": "github"
      }
    },
    "staticSbcl": {
      "flake": false,
      "locked": {
        "lastModified": 1641230582,
        "narHash": "sha256-If/Ps7u0v5CdTNkS0FHZpFg9kP7JjzpnuwnaQS0OkEI=",
        "owner": "daewok",
        "repo": "sbcl",
        "rev": "cf151181ef34a8a08802611d51a0566b7a7aa1ec",
        "type": "github"
      },
      "original": {
        "owner": "daewok",
        "ref": "static-executable-v2",
        "repo": "sbcl",
        "type": "github"
      }
    },
    "tera-mode": {
      "flake": false,
      "locked": {
        "lastModified": 1649325036,
        "narHash": "sha256-E5RsNmBvhZgizBM4n1PX22qRrEw7LNGg+TFVi34P0ec=",
        "owner": "svavs",
        "repo": "tera-mode",
        "rev": "cf3e9a2d86853eb2162b8c2160cdf57d7ca6a442",
        "type": "github"
      },
      "original": {
        "owner": "svavs",
        "repo": "tera-mode",
        "type": "github"
      }
    },
    "tokei-vim": {
      "flake": false,
      "locked": {
        "lastModified": 1489436413,
        "narHash": "sha256-4orUvUq/MBz2vRAUDhUfsQAgcHNQJTKzClUlZo5U8KM=",
        "owner": "vmchale",
        "repo": "tokei-vim",
        "rev": "2109d1b955b17746a54e30b59eb99d41280f01ab",
        "type": "github"
      },
      "original": {
        "owner": "vmchale",
        "repo": "tokei-vim",
        "type": "github"
      }
    },
    "toodoo-el": {
      "flake": false,
      "locked": {
        "lastModified": 1647324063,
        "narHash": "sha256-qG93vX8TBd+4WIkAAciTknWrgX87XmNqkgPQCapXBwM=",
        "owner": "ChanderG",
        "repo": "toodoo.el",
        "rev": "149a563863c2f728c5f903475dbce50547c51000",
        "type": "github"
      },
      "original": {
        "owner": "ChanderG",
        "repo": "toodoo.el",
        "type": "github"
      }
    },
    "uGFX": {
      "flake": false,
      "locked": {
        "lastModified": 1578814645,
        "narHash": "sha256-ADuZ2SnWbLZ7lK6G3Zy2jxcpm5AuQ2M92sP5+caxh54=",
        "owner": "qmk",
        "repo": "uGFX",
        "rev": "40b48f470addad6a4fb1177de1a69a181158739b",
        "type": "github"
      },
      "original": {
        "owner": "qmk",
        "repo": "uGFX",
        "type": "github"
      }
    },
    "v-usb": {
      "flake": false,
      "locked": {
        "lastModified": 1597536441,
        "narHash": "sha256-TMX0BowFBzQtS+7I86bwYsCl0qFrxmFbTvOLEqhDwjY=",
        "owner": "qmk",
        "repo": "v-usb",
        "rev": "bdb53e4c043d089279d9891b68bea77614cb97ee",
        "type": "github"
      },
      "original": {
        "owner": "qmk",
        "repo": "v-usb",
        "type": "github"
      }
    },
    "vim-shen": {
      "flake": false,
      "locked": {
        "lastModified": 1550147098,
        "narHash": "sha256-07tPUpAfcd8iAbNojYfqdqZ0+Yb0XAnYvJH+bN8qzGA=",
        "owner": "nimaai",
        "repo": "vim-shen",
        "rev": "425bcb11d86946d094afbb6c367e2801fbdf4249",
        "type": "github"
      },
      "original": {
        "owner": "nimaai",
        "repo": "vim-shen",
        "type": "github"
      }
    },
    "xah-fly-keys": {
      "flake": false,
      "locked": {
        "lastModified": 1651248244,
        "narHash": "sha256-tlCZC66nufBEek5eB3fuKss8lK2DewR8JaFCymkVmwA=",
        "owner": "xahlee",
        "repo": "xah-fly-keys",
        "rev": "e4db51a90d13eb886b88bbba6a71846653a76e47",
        "type": "github"
      },
      "original": {
        "owner": "xahlee",
        "repo": "xah-fly-keys",
        "type": "github"
      }
    },
    "zoxide-vim": {
      "flake": false,
      "locked": {
        "lastModified": 1651964811,
        "narHash": "sha256-ZNlTjQOO27ybBO+9mUoMONjPgGPoZbBP5WHt5607GLI=",
        "owner": "nanotee",
        "repo": "zoxide.vim",
        "rev": "5062d4c17ff873eeed88cabe317d7ee1a43c5731",
        "type": "github"
      },
      "original": {
        "owner": "nanotee",
        "repo": "zoxide.vim",
        "type": "github"
      }
    }
  },
  "root": "root",
  "version": 7
}
